// !$*UTF8*$!
{
	archiveVersion = 1;
	classes = {
	};
	objectVersion = 50;
	objects = {

/* Begin PBXBuildFile section */
		8140F6D921B59F2400781DEF /* AppDelegate.swift in Sources */ = {isa = PBXBuildFile; fileRef = 8140F6D821B59F2400781DEF /* AppDelegate.swift */; };
		8140F6DB21B59F2400781DEF /* ViewController.swift in Sources */ = {isa = PBXBuildFile; fileRef = 8140F6DA21B59F2400781DEF /* ViewController.swift */; };
		8140F6DE21B59F2400781DEF /* Main.storyboard in Resources */ = {isa = PBXBuildFile; fileRef = 8140F6DC21B59F2400781DEF /* Main.storyboard */; };
		8140F6E021B59F2500781DEF /* Assets.xcassets in Resources */ = {isa = PBXBuildFile; fileRef = 8140F6DF21B59F2500781DEF /* Assets.xcassets */; };
		8140F6E321B59F2500781DEF /* LaunchScreen.storyboard in Resources */ = {isa = PBXBuildFile; fileRef = 8140F6E121B59F2500781DEF /* LaunchScreen.storyboard */; };
		8140F6EE21B59F2500781DEF /* MetalDay4Tests.swift in Sources */ = {isa = PBXBuildFile; fileRef = 8140F6ED21B59F2500781DEF /* MetalDay4Tests.swift */; };
		8140F6F921B59F2500781DEF /* MetalDay4UITests.swift in Sources */ = {isa = PBXBuildFile; fileRef = 8140F6F821B59F2500781DEF /* MetalDay4UITests.swift */; };
/* End PBXBuildFile section */

/* Begin PBXContainerItemProxy section */
		8140F6EA21B59F2500781DEF /* PBXContainerItemProxy */ = {
			isa = PBXContainerItemProxy;
			containerPortal = 8140F6CD21B59F2400781DEF /* Project object */;
			proxyType = 1;
			remoteGlobalIDString = 8140F6D421B59F2400781DEF;
			remoteInfo = MetalDay4;
		};
		8140F6F521B59F2500781DEF /* PBXContainerItemProxy */ = {
			isa = PBXContainerItemProxy;
			containerPortal = 8140F6CD21B59F2400781DEF /* Project object */;
			proxyType = 1;
			remoteGlobalIDString = 8140F6D421B59F2400781DEF;
			remoteInfo = MetalDay4;
		};
/* End PBXContainerItemProxy section */

/* Begin PBXFileReference section */
		8140F6D521B59F2400781DEF /* MetalDay4.app */ = {isa = PBXFileReference; explicitFileType = wrapper.application; includeInIndex = 0; path = MetalDay4.app; sourceTree = BUILT_PRODUCTS_DIR; };
		8140F6D821B59F2400781DEF /* AppDelegate.swift */ = {isa = PBXFileReference; lastKnownFileType = sourcecode.swift; path = AppDelegate.swift; sourceTree = "<group>"; };
		8140F6DA21B59F2400781DEF /* ViewController.swift */ = {isa = PBXFileReference; lastKnownFileType = sourcecode.swift; path = ViewController.swift; sourceTree = "<group>"; };
		8140F6DD21B59F2400781DEF /* Base */ = {isa = PBXFileReference; lastKnownFileType = file.storyboard; name = Base; path = Base.lproj/Main.storyboard; sourceTree = "<group>"; };
		8140F6DF21B59F2500781DEF /* Assets.xcassets */ = {isa = PBXFileReference; lastKnownFileType = folder.assetcatalog; path = Assets.xcassets; sourceTree = "<group>"; };
		8140F6E221B59F2500781DEF /* Base */ = {isa = PBXFileReference; lastKnownFileType = file.storyboard; name = Base; path = Base.lproj/LaunchScreen.storyboard; sourceTree = "<group>"; };
		8140F6E421B59F2500781DEF /* Info.plist */ = {isa = PBXFileReference; lastKnownFileType = text.plist.xml; path = Info.plist; sourceTree = "<group>"; };
		8140F6E921B59F2500781DEF /* MetalDay4Tests.xctest */ = {isa = PBXFileReference; explicitFileType = wrapper.cfbundle; includeInIndex = 0; path = MetalDay4Tests.xctest; sourceTree = BUILT_PRODUCTS_DIR; };
		8140F6ED21B59F2500781DEF /* MetalDay4Tests.swift */ = {isa = PBXFileReference; lastKnownFileType = sourcecode.swift; path = MetalDay4Tests.swift; sourceTree = "<group>"; };
		8140F6EF21B59F2500781DEF /* Info.plist */ = {isa = PBXFileReference; lastKnownFileType = text.plist.xml; path = Info.plist; sourceTree = "<group>"; };
		8140F6F421B59F2500781DEF /* MetalDay4UITests.xctest */ = {isa = PBXFileReference; explicitFileType = wrapper.cfbundle; includeInIndex = 0; path = MetalDay4UITests.xctest; sourceTree = BUILT_PRODUCTS_DIR; };
		8140F6F821B59F2500781DEF /* MetalDay4UITests.swift */ = {isa = PBXFileReference; lastKnownFileType = sourcecode.swift; path = MetalDay4UITests.swift; sourceTree = "<group>"; };
		8140F6FA21B59F2500781DEF /* Info.plist */ = {isa = PBXFileReference; lastKnownFileType = text.plist.xml; path = Info.plist; sourceTree = "<group>"; };
/* End PBXFileReference section */

/* Begin PBXFrameworksBuildPhase section */
		8140F6D221B59F2400781DEF /* Frameworks */ = {
			isa = PBXFrameworksBuildPhase;
			buildActionMask = 2147483647;
			files = (
			);
			runOnlyForDeploymentPostprocessing = 0;
		};
		8140F6E621B59F2500781DEF /* Frameworks */ = {
			isa = PBXFrameworksBuildPhase;
			buildActionMask = 2147483647;
			files = (
			);
			runOnlyForDeploymentPostprocessing = 0;
		};
		8140F6F121B59F2500781DEF /* Frameworks */ = {
			isa = PBXFrameworksBuildPhase;
			buildActionMask = 2147483647;
			files = (
			);
			runOnlyForDeploymentPostprocessing = 0;
		};
/* End PBXFrameworksBuildPhase section */

/* Begin PBXGroup section */
		8140F6CC21B59F2400781DEF = {
			isa = PBXGroup;
			children = (
				8140F6D721B59F2400781DEF /* MetalDay4 */,
				8140F6EC21B59F2500781DEF /* MetalDay4Tests */,
				8140F6F721B59F2500781DEF /* MetalDay4UITests */,
				8140F6D621B59F2400781DEF /* Products */,
			);
			sourceTree = "<group>";
		};
		8140F6D621B59F2400781DEF /* Products */ = {
			isa = PBXGroup;
			children = (
				8140F6D521B59F2400781DEF /* MetalDay4.app */,
				8140F6E921B59F2500781DEF /* MetalDay4Tests.xctest */,
				8140F6F421B59F2500781DEF /* MetalDay4UITests.xctest */,
			);
			name = Products;
			sourceTree = "<group>";
		};
		8140F6D721B59F2400781DEF /* MetalDay4 */ = {
			isa = PBXGroup;
			children = (
				8140F6D821B59F2400781DEF /* AppDelegate.swift */,
				8140F6DA21B59F2400781DEF /* ViewController.swift */,
				8140F6DC21B59F2400781DEF /* Main.storyboard */,
				8140F6DF21B59F2500781DEF /* Assets.xcassets */,
				8140F6E121B59F2500781DEF /* LaunchScreen.storyboard */,
				8140F6E421B59F2500781DEF /* Info.plist */,
			);
			path = MetalDay4;
			sourceTree = "<group>";
		};
		8140F6EC21B59F2500781DEF /* MetalDay4Tests */ = {
			isa = PBXGroup;
			children = (
				8140F6ED21B59F2500781DEF /* MetalDay4Tests.swift */,
				8140F6EF21B59F2500781DEF /* Info.plist */,
			);
			path = MetalDay4Tests;
			sourceTree = "<group>";
		};
		8140F6F721B59F2500781DEF /* MetalDay4UITests */ = {
			isa = PBXGroup;
			children = (
				8140F6F821B59F2500781DEF /* MetalDay4UITests.swift */,
				8140F6FA21B59F2500781DEF /* Info.plist */,
			);
			path = MetalDay4UITests;
			sourceTree = "<group>";
		};
/* End PBXGroup section */

/* Begin PBXNativeTarget section */
		8140F6D421B59F2400781DEF /* MetalDay4 */ = {
			isa = PBXNativeTarget;
			buildConfigurationList = 8140F6FD21B59F2500781DEF /* Build configuration list for PBXNativeTarget "MetalDay4" */;
			buildPhases = (
				8140F6D121B59F2400781DEF /* Sources */,
				8140F6D221B59F2400781DEF /* Frameworks */,
				8140F6D321B59F2400781DEF /* Resources */,
			);
			buildRules = (
			);
			dependencies = (
			);
			name = MetalDay4;
			productName = MetalDay4;
			productReference = 8140F6D521B59F2400781DEF /* MetalDay4.app */;
			productType = "com.apple.product-type.application";
		};
		8140F6E821B59F2500781DEF /* MetalDay4Tests */ = {
			isa = PBXNativeTarget;
			buildConfigurationList = 8140F70021B59F2500781DEF /* Build configuration list for PBXNativeTarget "MetalDay4Tests" */;
			buildPhases = (
				8140F6E521B59F2500781DEF /* Sources */,
				8140F6E621B59F2500781DEF /* Frameworks */,
				8140F6E721B59F2500781DEF /* Resources */,
			);
			buildRules = (
			);
			dependencies = (
				8140F6EB21B59F2500781DEF /* PBXTargetDependency */,
			);
			name = MetalDay4Tests;
			productName = MetalDay4Tests;
			productReference = 8140F6E921B59F2500781DEF /* MetalDay4Tests.xctest */;
			productType = "com.apple.product-type.bundle.unit-test";
		};
		8140F6F321B59F2500781DEF /* MetalDay4UITests */ = {
			isa = PBXNativeTarget;
			buildConfigurationList = 8140F70321B59F2500781DEF /* Build configuration list for PBXNativeTarget "MetalDay4UITests" */;
			buildPhases = (
				8140F6F021B59F2500781DEF /* Sources */,
				8140F6F121B59F2500781DEF /* Frameworks */,
				8140F6F221B59F2500781DEF /* Resources */,
			);
			buildRules = (
			);
			dependencies = (
				8140F6F621B59F2500781DEF /* PBXTargetDependency */,
			);
			name = MetalDay4UITests;
			productName = MetalDay4UITests;
			productReference = 8140F6F421B59F2500781DEF /* MetalDay4UITests.xctest */;
			productType = "com.apple.product-type.bundle.ui-testing";
		};
/* End PBXNativeTarget section */

/* Begin PBXProject section */
		8140F6CD21B59F2400781DEF /* Project object */ = {
			isa = PBXProject;
			attributes = {
				LastSwiftUpdateCheck = 1010;
				LastUpgradeCheck = 1010;
				ORGANIZATIONNAME = MikiTakahashi;
				TargetAttributes = {
					8140F6D421B59F2400781DEF = {
						CreatedOnToolsVersion = 10.1;
					};
					8140F6E821B59F2500781DEF = {
						CreatedOnToolsVersion = 10.1;
						TestTargetID = 8140F6D421B59F2400781DEF;
					};
					8140F6F321B59F2500781DEF = {
						CreatedOnToolsVersion = 10.1;
						TestTargetID = 8140F6D421B59F2400781DEF;
					};
				};
			};
			buildConfigurationList = 8140F6D021B59F2400781DEF /* Build configuration list for PBXProject "MetalDay4" */;
			compatibilityVersion = "Xcode 9.3";
			developmentRegion = en;
			hasScannedForEncodings = 0;
			knownRegions = (
				en,
				Base,
			);
			mainGroup = 8140F6CC21B59F2400781DEF;
			productRefGroup = 8140F6D621B59F2400781DEF /* Products */;
			projectDirPath = "";
			projectRoot = "";
			targets = (
				8140F6D421B59F2400781DEF /* MetalDay4 */,
				8140F6E821B59F2500781DEF /* MetalDay4Tests */,
				8140F6F321B59F2500781DEF /* MetalDay4UITests */,
			);
		};
/* End PBXProject section */

/* Begin PBXResourcesBuildPhase section */
		8140F6D321B59F2400781DEF /* Resources */ = {
			isa = PBXResourcesBuildPhase;
			buildActionMask = 2147483647;
			files = (
				8140F6E321B59F2500781DEF /* LaunchScreen.storyboard in Resources */,
				8140F6E021B59F2500781DEF /* Assets.xcassets in Resources */,
				8140F6DE21B59F2400781DEF /* Main.storyboard in Resources */,
			);
			runOnlyForDeploymentPostprocessing = 0;
		};
		8140F6E721B59F2500781DEF /* Resources */ = {
			isa = PBXResourcesBuildPhase;
			buildActionMask = 2147483647;
			files = (
			);
			runOnlyForDeploymentPostprocessing = 0;
		};
		8140F6F221B59F2500781DEF /* Resources */ = {
			isa = PBXResourcesBuildPhase;
			buildActionMask = 2147483647;
			files = (
			);
			runOnlyForDeploymentPostprocessing = 0;
		};
/* End PBXResourcesBuildPhase section */

/* Begin PBXSourcesBuildPhase section */
		8140F6D121B59F2400781DEF /* Sources */ = {
			isa = PBXSourcesBuildPhase;
			buildActionMask = 2147483647;
			files = (
				8140F6DB21B59F2400781DEF /* ViewController.swift in Sources */,
				8140F6D921B59F2400781DEF /* AppDelegate.swift in Sources */,
			);
			runOnlyForDeploymentPostprocessing = 0;
		};
		8140F6E521B59F2500781DEF /* Sources */ = {
			isa = PBXSourcesBuildPhase;
			buildActionMask = 2147483647;
			files = (
				8140F6EE21B59F2500781DEF /* MetalDay4Tests.swift in Sources */,
			);
			runOnlyForDeploymentPostprocessing = 0;
		};
		8140F6F021B59F2500781DEF /* Sources */ = {
			isa = PBXSourcesBuildPhase;
			buildActionMask = 2147483647;
			files = (
				8140F6F921B59F2500781DEF /* MetalDay4UITests.swift in Sources */,
			);
			runOnlyForDeploymentPostprocessing = 0;
		};
/* End PBXSourcesBuildPhase section */

/* Begin PBXTargetDependency section */
		8140F6EB21B59F2500781DEF /* PBXTargetDependency */ = {
			isa = PBXTargetDependency;
			target = 8140F6D421B59F2400781DEF /* MetalDay4 */;
			targetProxy = 8140F6EA21B59F2500781DEF /* PBXContainerItemProxy */;
		};
		8140F6F621B59F2500781DEF /* PBXTargetDependency */ = {
			isa = PBXTargetDependency;
			target = 8140F6D421B59F2400781DEF /* MetalDay4 */;
			targetProxy = 8140F6F521B59F2500781DEF /* PBXContainerItemProxy */;
		};
/* End PBXTargetDependency section */

/* Begin PBXVariantGroup section */
		8140F6DC21B59F2400781DEF /* Main.storyboard */ = {
			isa = PBXVariantGroup;
			children = (
				8140F6DD21B59F2400781DEF /* Base */,
			);
			name = Main.storyboard;
			sourceTree = "<group>";
		};
		8140F6E121B59F2500781DEF /* LaunchScreen.storyboard */ = {
			isa = PBXVariantGroup;
			children = (
				8140F6E221B59F2500781DEF /* Base */,
			);
			name = LaunchScreen.storyboard;
			sourceTree = "<group>";
		};
/* End PBXVariantGroup section */

/* Begin XCBuildConfiguration section */
		8140F6FB21B59F2500781DEF /* Debug */ = {
			isa = XCBuildConfiguration;
			buildSettings = {
				ALWAYS_SEARCH_USER_PATHS = NO;
				CLANG_ANALYZER_NONNULL = YES;
				CLANG_ANALYZER_NUMBER_OBJECT_CONVERSION = YES_AGGRESSIVE;
				CLANG_CXX_LANGUAGE_STANDARD = "gnu++14";
				CLANG_CXX_LIBRARY = "libc++";
				CLANG_ENABLE_MODULES = YES;
				CLANG_ENABLE_OBJC_ARC = YES;
				CLANG_ENABLE_OBJC_WEAK = YES;
				CLANG_WARN_BLOCK_CAPTURE_AUTORELEASING = YES;
				CLANG_WARN_BOOL_CONVERSION = YES;
				CLANG_WARN_COMMA = YES;
				CLANG_WARN_CONSTANT_CONVERSION = YES;
				CLANG_WARN_DEPRECATED_OBJC_IMPLEMENTATIONS = YES;
				CLANG_WARN_DIRECT_OBJC_ISA_USAGE = YES_ERROR;
				CLANG_WARN_DOCUMENTATION_COMMENTS = YES;
				CLANG_WARN_EMPTY_BODY = YES;
				CLANG_WARN_ENUM_CONVERSION = YES;
				CLANG_WARN_INFINITE_RECURSION = YES;
				CLANG_WARN_INT_CONVERSION = YES;
				CLANG_WARN_NON_LITERAL_NULL_CONVERSION = YES;
				CLANG_WARN_OBJC_IMPLICIT_RETAIN_SELF = YES;
				CLANG_WARN_OBJC_LITERAL_CONVERSION = YES;
				CLANG_WARN_OBJC_ROOT_CLASS = YES_ERROR;
				CLANG_WARN_RANGE_LOOP_ANALYSIS = YES;
				CLANG_WARN_STRICT_PROTOTYPES = YES;
				CLANG_WARN_SUSPICIOUS_MOVE = YES;
				CLANG_WARN_UNGUARDED_AVAILABILITY = YES_AGGRESSIVE;
				CLANG_WARN_UNREACHABLE_CODE = YES;
				CLANG_WARN__DUPLICATE_METHOD_MATCH = YES;
				CODE_SIGN_IDENTITY = "iPhone Developer";
				COPY_PHASE_STRIP = NO;
				DEBUG_INFORMATION_FORMAT = dwarf;
				ENABLE_STRICT_OBJC_MSGSEND = YES;
				ENABLE_TESTABILITY = YES;
				GCC_C_LANGUAGE_STANDARD = gnu11;
				GCC_DYNAMIC_NO_PIC = NO;
				GCC_NO_COMMON_BLOCKS = YES;
				GCC_OPTIMIZATION_LEVEL = 0;
				GCC_PREPROCESSOR_DEFINITIONS = (
					"DEBUG=1",
					"$(inherited)",
				);
				GCC_WARN_64_TO_32_BIT_CONVERSION = YES;
				GCC_WARN_ABOUT_RETURN_TYPE = YES_ERROR;
				GCC_WARN_UNDECLARED_SELECTOR = YES;
				GCC_WARN_UNINITIALIZED_AUTOS = YES_AGGRESSIVE;
				GCC_WARN_UNUSED_FUNCTION = YES;
				GCC_WARN_UNUSED_VARIABLE = YES;
				IPHONEOS_DEPLOYMENT_TARGET = 12.1;
				MTL_ENABLE_DEBUG_INFO = INCLUDE_SOURCE;
				MTL_FAST_MATH = YES;
				ONLY_ACTIVE_ARCH = YES;
				SDKROOT = iphoneos;
				SWIFT_ACTIVE_COMPILATION_CONDITIONS = DEBUG;
				SWIFT_OPTIMIZATION_LEVEL = "-Onone";
			};
			name = Debug;
		};
		8140F6FC21B59F2500781DEF /* Release */ = {
			isa = XCBuildConfiguration;
			buildSettings = {
				ALWAYS_SEARCH_USER_PATHS = NO;
				CLANG_ANALYZER_NONNULL = YES;
				CLANG_ANALYZER_NUMBER_OBJECT_CONVERSION = YES_AGGRESSIVE;
				CLANG_CXX_LANGUAGE_STANDARD = "gnu++14";
				CLANG_CXX_LIBRARY = "libc++";
				CLANG_ENABLE_MODULES = YES;
				CLANG_ENABLE_OBJC_ARC = YES;
				CLANG_ENABLE_OBJC_WEAK = YES;
				CLANG_WARN_BLOCK_CAPTURE_AUTORELEASING = YES;
				CLANG_WARN_BOOL_CONVERSION = YES;
				CLANG_WARN_COMMA = YES;
				CLANG_WARN_CONSTANT_CONVERSION = YES;
				CLANG_WARN_DEPRECATED_OBJC_IMPLEMENTATIONS = YES;
				CLANG_WARN_DIRECT_OBJC_ISA_USAGE = YES_ERROR;
				CLANG_WARN_DOCUMENTATION_COMMENTS = YES;
				CLANG_WARN_EMPTY_BODY = YES;
				CLANG_WARN_ENUM_CONVERSION = YES;
				CLANG_WARN_INFINITE_RECURSION = YES;
				CLANG_WARN_INT_CONVERSION = YES;
				CLANG_WARN_NON_LITERAL_NULL_CONVERSION = YES;
				CLANG_WARN_OBJC_IMPLICIT_RETAIN_SELF = YES;
				CLANG_WARN_OBJC_LITERAL_CONVERSION = YES;
				CLANG_WARN_OBJC_ROOT_CLASS = YES_ERROR;
				CLANG_WARN_RANGE_LOOP_ANALYSIS = YES;
				CLANG_WARN_STRICT_PROTOTYPES = YES;
				CLANG_WARN_SUSPICIOUS_MOVE = YES;
				CLANG_WARN_UNGUARDED_AVAILABILITY = YES_AGGRESSIVE;
				CLANG_WARN_UNREACHABLE_CODE = YES;
				CLANG_WARN__DUPLICATE_METHOD_MATCH = YES;
				CODE_SIGN_IDENTITY = "iPhone Developer";
				COPY_PHASE_STRIP = NO;
				DEBUG_INFORMATION_FORMAT = "dwarf-with-dsym";
				ENABLE_NS_ASSERTIONS = NO;
				ENABLE_STRICT_OBJC_MSGSEND = YES;
				GCC_C_LANGUAGE_STANDARD = gnu11;
				GCC_NO_COMMON_BLOCKS = YES;
				GCC_WARN_64_TO_32_BIT_CONVERSION = YES;
				GCC_WARN_ABOUT_RETURN_TYPE = YES_ERROR;
				GCC_WARN_UNDECLARED_SELECTOR = YES;
				GCC_WARN_UNINITIALIZED_AUTOS = YES_AGGRESSIVE;
				GCC_WARN_UNUSED_FUNCTION = YES;
				GCC_WARN_UNUSED_VARIABLE = YES;
				IPHONEOS_DEPLOYMENT_TARGET = 12.1;
				MTL_ENABLE_DEBUG_INFO = NO;
				MTL_FAST_MATH = YES;
				SDKROOT = iphoneos;
				SWIFT_COMPILATION_MODE = wholemodule;
				SWIFT_OPTIMIZATION_LEVEL = "-O";
				VALIDATE_PRODUCT = YES;
			};
			name = Release;
		};
		8140F6FE21B59F2500781DEF /* Debug */ = {
			isa = XCBuildConfiguration;
			buildSettings = {
				ASSETCATALOG_COMPILER_APPICON_NAME = AppIcon;
				CODE_SIGN_STYLE = Automatic;
				DEVELOPMENT_TEAM = HGFZ89E935;
				INFOPLIST_FILE = MetalDay4/Info.plist;
				LD_RUNPATH_SEARCH_PATHS = (
					"$(inherited)",
					"@executable_path/Frameworks",
				);
				PRODUCT_BUNDLE_IDENTIFIER = MikiTakahashi.MetalDay4;
				PRODUCT_NAME = "$(TARGET_NAME)";
				SWIFT_VERSION = 4.2;
				TARGETED_DEVICE_FAMILY = "1,2";
			};
			name = Debug;
		};
		8140F6FF21B59F2500781DEF /* Release */ = {
			isa = XCBuildConfiguration;
			buildSettings = {
				ASSETCATALOG_COMPILER_APPICON_NAME = AppIcon;
				CODE_SIGN_STYLE = Automatic;
				DEVELOPMENT_TEAM = HGFZ89E935;
				INFOPLIST_FILE = MetalDay4/Info.plist;
				LD_RUNPATH_SEARCH_PATHS = (
					"$(inherited)",
					"@executable_path/Frameworks",
				);
				PRODUCT_BUNDLE_IDENTIFIER = MikiTakahashi.MetalDay4;
				PRODUCT_NAME = "$(TARGET_NAME)";
				SWIFT_VERSION = 4.2;
				TARGETED_DEVICE_FAMILY = "1,2";
			};
			name = Release;
		};
		8140F70121B59F2500781DEF /* Debug */ = {
			isa = XCBuildConfiguration;
			buildSettings = {
				ALWAYS_EMBED_SWIFT_STANDARD_LIBRARIES = YES;
				BUNDLE_LOADER = "$(TEST_HOST)";
				CODE_SIGN_STYLE = Automatic;
				DEVELOPMENT_TEAM = HGFZ89E935;
				INFOPLIST_FILE = MetalDay4Tests/Info.plist;
				LD_RUNPATH_SEARCH_PATHS = (
					"$(inherited)",
					"@executable_path/Frameworks",
					"@loader_path/Frameworks",
				);
				PRODUCT_BUNDLE_IDENTIFIER = MikiTakahashi.MetalDay4Tests;
				PRODUCT_NAME = "$(TARGET_NAME)";
				SWIFT_VERSION = 4.2;
				TARGETED_DEVICE_FAMILY = "1,2";
				TEST_HOST = "$(BUILT_PRODUCTS_DIR)/MetalDay4.app/MetalDay4";
			};
			name = Debug;
		};
		8140F70221B59F2500781DEF /* Release */ = {
			isa = XCBuildConfiguration;
			buildSettings = {
				ALWAYS_EMBED_SWIFT_STANDARD_LIBRARIES = YES;
				BUNDLE_LOADER = "$(TEST_HOST)";
				CODE_SIGN_STYLE = Automatic;
				DEVELOPMENT_TEAM = HGFZ89E935;
				INFOPLIST_FILE = MetalDay4Tests/Info.plist;
				LD_RUNPATH_SEARCH_PATHS = (
					"$(inherited)",
					"@executable_path/Frameworks",
					"@loader_path/Frameworks",
				);
				PRODUCT_BUNDLE_IDENTIFIER = MikiTakahashi.MetalDay4Tests;
				PRODUCT_NAME = "$(TARGET_NAME)";
				SWIFT_VERSION = 4.2;
				TARGETED_DEVICE_FAMILY = "1,2";
				TEST_HOST = "$(BUILT_PRODUCTS_DIR)/MetalDay4.app/MetalDay4";
			};
			name = Release;
		};
		8140F70421B59F2500781DEF /* Debug */ = {
			isa = XCBuildConfiguration;
			buildSettings = {
				ALWAYS_EMBED_SWIFT_STANDARD_LIBRARIES = YES;
				CODE_SIGN_STYLE = Automatic;
				DEVELOPMENT_TEAM = HGFZ89E935;
				INFOPLIST_FILE = MetalDay4UITests/Info.plist;
				LD_RUNPATH_SEARCH_PATHS = (
					"$(inherited)",
					"@executable_path/Frameworks",
					"@loader_path/Frameworks",
				);
				PRODUCT_BUNDLE_IDENTIFIER = MikiTakahashi.MetalDay4UITests;
				PRODUCT_NAME = "$(TARGET_NAME)";
				SWIFT_VERSION = 4.2;
				TARGETED_DEVICE_FAMILY = "1,2";
				TEST_TARGET_NAME = MetalDay4;
			};
			name = Debug;
		};
		8140F70521B59F2500781DEF /* Release */ = {
			isa = XCBuildConfiguration;
			buildSettings = {
				ALWAYS_EMBED_SWIFT_STANDARD_LIBRARIES = YES;
				CODE_SIGN_STYLE = Automatic;
				DEVELOPMENT_TEAM = HGFZ89E935;
				INFOPLIST_FILE = MetalDay4UITests/Info.plist;
				LD_RUNPATH_SEARCH_PATHS = (
					"$(inherited)",
					"@executable_path/Frameworks",
					"@loader_path/Frameworks",
				);
				PRODUCT_BUNDLE_IDENTIFIER = MikiTakahashi.MetalDay4UITests;
				PRODUCT_NAME = "$(TARGET_NAME)";
				SWIFT_VERSION = 4.2;
				TARGETED_DEVICE_FAMILY = "1,2";
				TEST_TARGET_NAME = MetalDay4;
			};
			name = Release;
		};
/* End XCBuildConfiguration section */

/* Begin XCConfigurationList section */
		8140F6D021B59F2400781DEF /* Build configuration list for PBXProject "MetalDay4" */ = {
			isa = XCConfigurationList;
			buildConfigurations = (
				8140F6FB21B59F2500781DEF /* Debug */,
				8140F6FC21B59F2500781DEF /* Release */,
			);
			defaultConfigurationIsVisible = 0;
			defaultConfigurationName = Release;
		};
		8140F6FD21B59F2500781DEF /* Build configuration list for PBXNativeTarget "MetalDay4" */ = {
			isa = XCConfigurationList;
			buildConfigurations = (
				8140F6FE21B59F2500781DEF /* Debug */,
				8140F6FF21B59F2500781DEF /* Release */,
			);
			defaultConfigurationIsVisible = 0;
			defaultConfigurationName = Release;
		};
		8140F70021B59F2500781DEF /* Build configuration list for PBXNativeTarget "MetalDay4Tests" */ = {
			isa = XCConfigurationList;
			buildConfigurations = (
				8140F70121B59F2500781DEF /* Debug */,
				8140F70221B59F2500781DEF /* Release */,
			);
			defaultConfigurationIsVisible = 0;
			defaultConfigurationName = Release;
		};
		8140F70321B59F2500781DEF /* Build configuration list for PBXNativeTarget "MetalDay4UITests" */ = {
			isa = XCConfigurationList;
			buildConfigurations = (
				8140F70421B59F2500781DEF /* Debug */,
				8140F70521B59F2500781DEF /* Release */,
			);
			defaultConfigurationIsVisible = 0;
			defaultConfigurationName = Release;
		};
/* End XCConfigurationList section */
	};
	rootObject = 8140F6CD21B59F2400781DEF /* Project object */;
}
