// !$*UTF8*$!
{
	archiveVersion = 1;
	classes = {
	};
	objectVersion = 50;
	objects = {

/* Begin PBXBuildFile section */
		8116CC7121B4634500968E3E /* AppDelegate.swift in Sources */ = {isa = PBXBuildFile; fileRef = 8116CC7021B4634500968E3E /* AppDelegate.swift */; };
		8116CC7321B4634500968E3E /* ViewController.swift in Sources */ = {isa = PBXBuildFile; fileRef = 8116CC7221B4634500968E3E /* ViewController.swift */; };
		8116CC7621B4634500968E3E /* Main.storyboard in Resources */ = {isa = PBXBuildFile; fileRef = 8116CC7421B4634500968E3E /* Main.storyboard */; };
		8116CC7821B4634700968E3E /* Assets.xcassets in Resources */ = {isa = PBXBuildFile; fileRef = 8116CC7721B4634700968E3E /* Assets.xcassets */; };
		8116CC7B21B4634700968E3E /* LaunchScreen.storyboard in Resources */ = {isa = PBXBuildFile; fileRef = 8116CC7921B4634700968E3E /* LaunchScreen.storyboard */; };
		8116CC8621B4634700968E3E /* MetalDay3Tests.swift in Sources */ = {isa = PBXBuildFile; fileRef = 8116CC8521B4634700968E3E /* MetalDay3Tests.swift */; };
		8116CC9121B4634700968E3E /* MetalDay3UITests.swift in Sources */ = {isa = PBXBuildFile; fileRef = 8116CC9021B4634700968E3E /* MetalDay3UITests.swift */; };
		8116CC9F21B4638000968E3E /* shaders.metal in Sources */ = {isa = PBXBuildFile; fileRef = 8116CC9E21B4638000968E3E /* shaders.metal */; };
		8116CCA121B463A100968E3E /* Renderer.swift in Sources */ = {isa = PBXBuildFile; fileRef = 8116CCA021B463A100968E3E /* Renderer.swift */; };
		8116CCA321B463D100968E3E /* Types.swift in Sources */ = {isa = PBXBuildFile; fileRef = 8116CCA221B463D100968E3E /* Types.swift */; };
/* End PBXBuildFile section */

/* Begin PBXContainerItemProxy section */
		8116CC8221B4634700968E3E /* PBXContainerItemProxy */ = {
			isa = PBXContainerItemProxy;
			containerPortal = 8116CC6521B4634500968E3E /* Project object */;
			proxyType = 1;
			remoteGlobalIDString = 8116CC6C21B4634500968E3E;
			remoteInfo = MetalDay3;
		};
		8116CC8D21B4634700968E3E /* PBXContainerItemProxy */ = {
			isa = PBXContainerItemProxy;
			containerPortal = 8116CC6521B4634500968E3E /* Project object */;
			proxyType = 1;
			remoteGlobalIDString = 8116CC6C21B4634500968E3E;
			remoteInfo = MetalDay3;
		};
/* End PBXContainerItemProxy section */

/* Begin PBXFileReference section */
		8116CC6D21B4634500968E3E /* MetalDay3.app */ = {isa = PBXFileReference; explicitFileType = wrapper.application; includeInIndex = 0; path = MetalDay3.app; sourceTree = BUILT_PRODUCTS_DIR; };
		8116CC7021B4634500968E3E /* AppDelegate.swift */ = {isa = PBXFileReference; lastKnownFileType = sourcecode.swift; path = AppDelegate.swift; sourceTree = "<group>"; };
		8116CC7221B4634500968E3E /* ViewController.swift */ = {isa = PBXFileReference; lastKnownFileType = sourcecode.swift; path = ViewController.swift; sourceTree = "<group>"; };
		8116CC7521B4634500968E3E /* Base */ = {isa = PBXFileReference; lastKnownFileType = file.storyboard; name = Base; path = Base.lproj/Main.storyboard; sourceTree = "<group>"; };
		8116CC7721B4634700968E3E /* Assets.xcassets */ = {isa = PBXFileReference; lastKnownFileType = folder.assetcatalog; path = Assets.xcassets; sourceTree = "<group>"; };
		8116CC7A21B4634700968E3E /* Base */ = {isa = PBXFileReference; lastKnownFileType = file.storyboard; name = Base; path = Base.lproj/LaunchScreen.storyboard; sourceTree = "<group>"; };
		8116CC7C21B4634700968E3E /* Info.plist */ = {isa = PBXFileReference; lastKnownFileType = text.plist.xml; path = Info.plist; sourceTree = "<group>"; };
		8116CC8121B4634700968E3E /* MetalDay3Tests.xctest */ = {isa = PBXFileReference; explicitFileType = wrapper.cfbundle; includeInIndex = 0; path = MetalDay3Tests.xctest; sourceTree = BUILT_PRODUCTS_DIR; };
		8116CC8521B4634700968E3E /* MetalDay3Tests.swift */ = {isa = PBXFileReference; lastKnownFileType = sourcecode.swift; path = MetalDay3Tests.swift; sourceTree = "<group>"; };
		8116CC8721B4634700968E3E /* Info.plist */ = {isa = PBXFileReference; lastKnownFileType = text.plist.xml; path = Info.plist; sourceTree = "<group>"; };
		8116CC8C21B4634700968E3E /* MetalDay3UITests.xctest */ = {isa = PBXFileReference; explicitFileType = wrapper.cfbundle; includeInIndex = 0; path = MetalDay3UITests.xctest; sourceTree = BUILT_PRODUCTS_DIR; };
		8116CC9021B4634700968E3E /* MetalDay3UITests.swift */ = {isa = PBXFileReference; lastKnownFileType = sourcecode.swift; path = MetalDay3UITests.swift; sourceTree = "<group>"; };
		8116CC9221B4634700968E3E /* Info.plist */ = {isa = PBXFileReference; lastKnownFileType = text.plist.xml; path = Info.plist; sourceTree = "<group>"; };
		8116CC9E21B4638000968E3E /* shaders.metal */ = {isa = PBXFileReference; lastKnownFileType = sourcecode.metal; path = shaders.metal; sourceTree = "<group>"; };
		8116CCA021B463A100968E3E /* Renderer.swift */ = {isa = PBXFileReference; lastKnownFileType = sourcecode.swift; path = Renderer.swift; sourceTree = "<group>"; };
		8116CCA221B463D100968E3E /* Types.swift */ = {isa = PBXFileReference; lastKnownFileType = sourcecode.swift; path = Types.swift; sourceTree = "<group>"; };
/* End PBXFileReference section */

/* Begin PBXFrameworksBuildPhase section */
		8116CC6A21B4634500968E3E /* Frameworks */ = {
			isa = PBXFrameworksBuildPhase;
			buildActionMask = 2147483647;
			files = (
			);
			runOnlyForDeploymentPostprocessing = 0;
		};
		8116CC7E21B4634700968E3E /* Frameworks */ = {
			isa = PBXFrameworksBuildPhase;
			buildActionMask = 2147483647;
			files = (
			);
			runOnlyForDeploymentPostprocessing = 0;
		};
		8116CC8921B4634700968E3E /* Frameworks */ = {
			isa = PBXFrameworksBuildPhase;
			buildActionMask = 2147483647;
			files = (
			);
			runOnlyForDeploymentPostprocessing = 0;
		};
/* End PBXFrameworksBuildPhase section */

/* Begin PBXGroup section */
		8116CC6421B4634500968E3E = {
			isa = PBXGroup;
			children = (
				8116CC6F21B4634500968E3E /* MetalDay3 */,
				8116CC8421B4634700968E3E /* MetalDay3Tests */,
				8116CC8F21B4634700968E3E /* MetalDay3UITests */,
				8116CC6E21B4634500968E3E /* Products */,
			);
			sourceTree = "<group>";
		};
		8116CC6E21B4634500968E3E /* Products */ = {
			isa = PBXGroup;
			children = (
				8116CC6D21B4634500968E3E /* MetalDay3.app */,
				8116CC8121B4634700968E3E /* MetalDay3Tests.xctest */,
				8116CC8C21B4634700968E3E /* MetalDay3UITests.xctest */,
			);
			name = Products;
			sourceTree = "<group>";
		};
		8116CC6F21B4634500968E3E /* MetalDay3 */ = {
			isa = PBXGroup;
			children = (
				8116CC7021B4634500968E3E /* AppDelegate.swift */,
				8116CC7221B4634500968E3E /* ViewController.swift */,
				8116CC7421B4634500968E3E /* Main.storyboard */,
				8116CC7721B4634700968E3E /* Assets.xcassets */,
				8116CC7921B4634700968E3E /* LaunchScreen.storyboard */,
				8116CC7C21B4634700968E3E /* Info.plist */,
				8116CC9E21B4638000968E3E /* shaders.metal */,
				8116CCA021B463A100968E3E /* Renderer.swift */,
				8116CCA221B463D100968E3E /* Types.swift */,
			);
			path = MetalDay3;
			sourceTree = "<group>";
		};
		8116CC8421B4634700968E3E /* MetalDay3Tests */ = {
			isa = PBXGroup;
			children = (
				8116CC8521B4634700968E3E /* MetalDay3Tests.swift */,
				8116CC8721B4634700968E3E /* Info.plist */,
			);
			path = MetalDay3Tests;
			sourceTree = "<group>";
		};
		8116CC8F21B4634700968E3E /* MetalDay3UITests */ = {
			isa = PBXGroup;
			children = (
				8116CC9021B4634700968E3E /* MetalDay3UITests.swift */,
				8116CC9221B4634700968E3E /* Info.plist */,
			);
			path = MetalDay3UITests;
			sourceTree = "<group>";
		};
/* End PBXGroup section */

/* Begin PBXNativeTarget section */
		8116CC6C21B4634500968E3E /* MetalDay3 */ = {
			isa = PBXNativeTarget;
			buildConfigurationList = 8116CC9521B4634700968E3E /* Build configuration list for PBXNativeTarget "MetalDay3" */;
			buildPhases = (
				8116CC6921B4634500968E3E /* Sources */,
				8116CC6A21B4634500968E3E /* Frameworks */,
				8116CC6B21B4634500968E3E /* Resources */,
			);
			buildRules = (
			);
			dependencies = (
			);
			name = MetalDay3;
			productName = MetalDay3;
			productReference = 8116CC6D21B4634500968E3E /* MetalDay3.app */;
			productType = "com.apple.product-type.application";
		};
		8116CC8021B4634700968E3E /* MetalDay3Tests */ = {
			isa = PBXNativeTarget;
			buildConfigurationList = 8116CC9821B4634700968E3E /* Build configuration list for PBXNativeTarget "MetalDay3Tests" */;
			buildPhases = (
				8116CC7D21B4634700968E3E /* Sources */,
				8116CC7E21B4634700968E3E /* Frameworks */,
				8116CC7F21B4634700968E3E /* Resources */,
			);
			buildRules = (
			);
			dependencies = (
				8116CC8321B4634700968E3E /* PBXTargetDependency */,
			);
			name = MetalDay3Tests;
			productName = MetalDay3Tests;
			productReference = 8116CC8121B4634700968E3E /* MetalDay3Tests.xctest */;
			productType = "com.apple.product-type.bundle.unit-test";
		};
		8116CC8B21B4634700968E3E /* MetalDay3UITests */ = {
			isa = PBXNativeTarget;
			buildConfigurationList = 8116CC9B21B4634700968E3E /* Build configuration list for PBXNativeTarget "MetalDay3UITests" */;
			buildPhases = (
				8116CC8821B4634700968E3E /* Sources */,
				8116CC8921B4634700968E3E /* Frameworks */,
				8116CC8A21B4634700968E3E /* Resources */,
			);
			buildRules = (
			);
			dependencies = (
				8116CC8E21B4634700968E3E /* PBXTargetDependency */,
			);
			name = MetalDay3UITests;
			productName = MetalDay3UITests;
			productReference = 8116CC8C21B4634700968E3E /* MetalDay3UITests.xctest */;
			productType = "com.apple.product-type.bundle.ui-testing";
		};
/* End PBXNativeTarget section */

/* Begin PBXProject section */
		8116CC6521B4634500968E3E /* Project object */ = {
			isa = PBXProject;
			attributes = {
				LastSwiftUpdateCheck = 1010;
				LastUpgradeCheck = 1010;
				ORGANIZATIONNAME = MikiTakahashi;
				TargetAttributes = {
					8116CC6C21B4634500968E3E = {
						CreatedOnToolsVersion = 10.1;
					};
					8116CC8021B4634700968E3E = {
						CreatedOnToolsVersion = 10.1;
						TestTargetID = 8116CC6C21B4634500968E3E;
					};
					8116CC8B21B4634700968E3E = {
						CreatedOnToolsVersion = 10.1;
						TestTargetID = 8116CC6C21B4634500968E3E;
					};
				};
			};
			buildConfigurationList = 8116CC6821B4634500968E3E /* Build configuration list for PBXProject "MetalDay3" */;
			compatibilityVersion = "Xcode 9.3";
			developmentRegion = en;
			hasScannedForEncodings = 0;
			knownRegions = (
				en,
				Base,
			);
			mainGroup = 8116CC6421B4634500968E3E;
			productRefGroup = 8116CC6E21B4634500968E3E /* Products */;
			projectDirPath = "";
			projectRoot = "";
			targets = (
				8116CC6C21B4634500968E3E /* MetalDay3 */,
				8116CC8021B4634700968E3E /* MetalDay3Tests */,
				8116CC8B21B4634700968E3E /* MetalDay3UITests */,
			);
		};
/* End PBXProject section */

/* Begin PBXResourcesBuildPhase section */
		8116CC6B21B4634500968E3E /* Resources */ = {
			isa = PBXResourcesBuildPhase;
			buildActionMask = 2147483647;
			files = (
				8116CC7B21B4634700968E3E /* LaunchScreen.storyboard in Resources */,
				8116CC7821B4634700968E3E /* Assets.xcassets in Resources */,
				8116CC7621B4634500968E3E /* Main.storyboard in Resources */,
			);
			runOnlyForDeploymentPostprocessing = 0;
		};
		8116CC7F21B4634700968E3E /* Resources */ = {
			isa = PBXResourcesBuildPhase;
			buildActionMask = 2147483647;
			files = (
			);
			runOnlyForDeploymentPostprocessing = 0;
		};
		8116CC8A21B4634700968E3E /* Resources */ = {
			isa = PBXResourcesBuildPhase;
			buildActionMask = 2147483647;
			files = (
			);
			runOnlyForDeploymentPostprocessing = 0;
		};
/* End PBXResourcesBuildPhase section */

/* Begin PBXSourcesBuildPhase section */
		8116CC6921B4634500968E3E /* Sources */ = {
			isa = PBXSourcesBuildPhase;
			buildActionMask = 2147483647;
			files = (
				8116CCA121B463A100968E3E /* Renderer.swift in Sources */,
				8116CC7321B4634500968E3E /* ViewController.swift in Sources */,
				8116CC7121B4634500968E3E /* AppDelegate.swift in Sources */,
				8116CCA321B463D100968E3E /* Types.swift in Sources */,
				8116CC9F21B4638000968E3E /* shaders.metal in Sources */,
			);
			runOnlyForDeploymentPostprocessing = 0;
		};
		8116CC7D21B4634700968E3E /* Sources */ = {
			isa = PBXSourcesBuildPhase;
			buildActionMask = 2147483647;
			files = (
				8116CC8621B4634700968E3E /* MetalDay3Tests.swift in Sources */,
			);
			runOnlyForDeploymentPostprocessing = 0;
		};
		8116CC8821B4634700968E3E /* Sources */ = {
			isa = PBXSourcesBuildPhase;
			buildActionMask = 2147483647;
			files = (
				8116CC9121B4634700968E3E /* MetalDay3UITests.swift in Sources */,
			);
			runOnlyForDeploymentPostprocessing = 0;
		};
/* End PBXSourcesBuildPhase section */

/* Begin PBXTargetDependency section */
		8116CC8321B4634700968E3E /* PBXTargetDependency */ = {
			isa = PBXTargetDependency;
			target = 8116CC6C21B4634500968E3E /* MetalDay3 */;
			targetProxy = 8116CC8221B4634700968E3E /* PBXContainerItemProxy */;
		};
		8116CC8E21B4634700968E3E /* PBXTargetDependency */ = {
			isa = PBXTargetDependency;
			target = 8116CC6C21B4634500968E3E /* MetalDay3 */;
			targetProxy = 8116CC8D21B4634700968E3E /* PBXContainerItemProxy */;
		};
/* End PBXTargetDependency section */

/* Begin PBXVariantGroup section */
		8116CC7421B4634500968E3E /* Main.storyboard */ = {
			isa = PBXVariantGroup;
			children = (
				8116CC7521B4634500968E3E /* Base */,
			);
			name = Main.storyboard;
			sourceTree = "<group>";
		};
		8116CC7921B4634700968E3E /* LaunchScreen.storyboard */ = {
			isa = PBXVariantGroup;
			children = (
				8116CC7A21B4634700968E3E /* Base */,
			);
			name = LaunchScreen.storyboard;
			sourceTree = "<group>";
		};
/* End PBXVariantGroup section */

/* Begin XCBuildConfiguration section */
		8116CC9321B4634700968E3E /* Debug */ = {
			isa = XCBuildConfiguration;
			buildSettings = {
				ALWAYS_SEARCH_USER_PATHS = NO;
				CLANG_ANALYZER_NONNULL = YES;
				CLANG_ANALYZER_NUMBER_OBJECT_CONVERSION = YES_AGGRESSIVE;
				CLANG_CXX_LANGUAGE_STANDARD = "gnu++14";
				CLANG_CXX_LIBRARY = "libc++";
				CLANG_ENABLE_MODULES = YES;
				CLANG_ENABLE_OBJC_ARC = YES;
				CLANG_ENABLE_OBJC_WEAK = YES;
				CLANG_WARN_BLOCK_CAPTURE_AUTORELEASING = YES;
				CLANG_WARN_BOOL_CONVERSION = YES;
				CLANG_WARN_COMMA = YES;
				CLANG_WARN_CONSTANT_CONVERSION = YES;
				CLANG_WARN_DEPRECATED_OBJC_IMPLEMENTATIONS = YES;
				CLANG_WARN_DIRECT_OBJC_ISA_USAGE = YES_ERROR;
				CLANG_WARN_DOCUMENTATION_COMMENTS = YES;
				CLANG_WARN_EMPTY_BODY = YES;
				CLANG_WARN_ENUM_CONVERSION = YES;
				CLANG_WARN_INFINITE_RECURSION = YES;
				CLANG_WARN_INT_CONVERSION = YES;
				CLANG_WARN_NON_LITERAL_NULL_CONVERSION = YES;
				CLANG_WARN_OBJC_IMPLICIT_RETAIN_SELF = YES;
				CLANG_WARN_OBJC_LITERAL_CONVERSION = YES;
				CLANG_WARN_OBJC_ROOT_CLASS = YES_ERROR;
				CLANG_WARN_RANGE_LOOP_ANALYSIS = YES;
				CLANG_WARN_STRICT_PROTOTYPES = YES;
				CLANG_WARN_SUSPICIOUS_MOVE = YES;
				CLANG_WARN_UNGUARDED_AVAILABILITY = YES_AGGRESSIVE;
				CLANG_WARN_UNREACHABLE_CODE = YES;
				CLANG_WARN__DUPLICATE_METHOD_MATCH = YES;
				CODE_SIGN_IDENTITY = "iPhone Developer";
				COPY_PHASE_STRIP = NO;
				DEBUG_INFORMATION_FORMAT = dwarf;
				ENABLE_STRICT_OBJC_MSGSEND = YES;
				ENABLE_TESTABILITY = YES;
				GCC_C_LANGUAGE_STANDARD = gnu11;
				GCC_DYNAMIC_NO_PIC = NO;
				GCC_NO_COMMON_BLOCKS = YES;
				GCC_OPTIMIZATION_LEVEL = 0;
				GCC_PREPROCESSOR_DEFINITIONS = (
					"DEBUG=1",
					"$(inherited)",
				);
				GCC_WARN_64_TO_32_BIT_CONVERSION = YES;
				GCC_WARN_ABOUT_RETURN_TYPE = YES_ERROR;
				GCC_WARN_UNDECLARED_SELECTOR = YES;
				GCC_WARN_UNINITIALIZED_AUTOS = YES_AGGRESSIVE;
				GCC_WARN_UNUSED_FUNCTION = YES;
				GCC_WARN_UNUSED_VARIABLE = YES;
				IPHONEOS_DEPLOYMENT_TARGET = 12.1;
				MTL_ENABLE_DEBUG_INFO = INCLUDE_SOURCE;
				MTL_FAST_MATH = YES;
				ONLY_ACTIVE_ARCH = YES;
				SDKROOT = iphoneos;
				SWIFT_ACTIVE_COMPILATION_CONDITIONS = DEBUG;
				SWIFT_OPTIMIZATION_LEVEL = "-Onone";
			};
			name = Debug;
		};
		8116CC9421B4634700968E3E /* Release */ = {
			isa = XCBuildConfiguration;
			buildSettings = {
				ALWAYS_SEARCH_USER_PATHS = NO;
				CLANG_ANALYZER_NONNULL = YES;
				CLANG_ANALYZER_NUMBER_OBJECT_CONVERSION = YES_AGGRESSIVE;
				CLANG_CXX_LANGUAGE_STANDARD = "gnu++14";
				CLANG_CXX_LIBRARY = "libc++";
				CLANG_ENABLE_MODULES = YES;
				CLANG_ENABLE_OBJC_ARC = YES;
				CLANG_ENABLE_OBJC_WEAK = YES;
				CLANG_WARN_BLOCK_CAPTURE_AUTORELEASING = YES;
				CLANG_WARN_BOOL_CONVERSION = YES;
				CLANG_WARN_COMMA = YES;
				CLANG_WARN_CONSTANT_CONVERSION = YES;
				CLANG_WARN_DEPRECATED_OBJC_IMPLEMENTATIONS = YES;
				CLANG_WARN_DIRECT_OBJC_ISA_USAGE = YES_ERROR;
				CLANG_WARN_DOCUMENTATION_COMMENTS = YES;
				CLANG_WARN_EMPTY_BODY = YES;
				CLANG_WARN_ENUM_CONVERSION = YES;
				CLANG_WARN_INFINITE_RECURSION = YES;
				CLANG_WARN_INT_CONVERSION = YES;
				CLANG_WARN_NON_LITERAL_NULL_CONVERSION = YES;
				CLANG_WARN_OBJC_IMPLICIT_RETAIN_SELF = YES;
				CLANG_WARN_OBJC_LITERAL_CONVERSION = YES;
				CLANG_WARN_OBJC_ROOT_CLASS = YES_ERROR;
				CLANG_WARN_RANGE_LOOP_ANALYSIS = YES;
				CLANG_WARN_STRICT_PROTOTYPES = YES;
				CLANG_WARN_SUSPICIOUS_MOVE = YES;
				CLANG_WARN_UNGUARDED_AVAILABILITY = YES_AGGRESSIVE;
				CLANG_WARN_UNREACHABLE_CODE = YES;
				CLANG_WARN__DUPLICATE_METHOD_MATCH = YES;
				CODE_SIGN_IDENTITY = "iPhone Developer";
				COPY_PHASE_STRIP = NO;
				DEBUG_INFORMATION_FORMAT = "dwarf-with-dsym";
				ENABLE_NS_ASSERTIONS = NO;
				ENABLE_STRICT_OBJC_MSGSEND = YES;
				GCC_C_LANGUAGE_STANDARD = gnu11;
				GCC_NO_COMMON_BLOCKS = YES;
				GCC_WARN_64_TO_32_BIT_CONVERSION = YES;
				GCC_WARN_ABOUT_RETURN_TYPE = YES_ERROR;
				GCC_WARN_UNDECLARED_SELECTOR = YES;
				GCC_WARN_UNINITIALIZED_AUTOS = YES_AGGRESSIVE;
				GCC_WARN_UNUSED_FUNCTION = YES;
				GCC_WARN_UNUSED_VARIABLE = YES;
				IPHONEOS_DEPLOYMENT_TARGET = 12.1;
				MTL_ENABLE_DEBUG_INFO = NO;
				MTL_FAST_MATH = YES;
				SDKROOT = iphoneos;
				SWIFT_COMPILATION_MODE = wholemodule;
				SWIFT_OPTIMIZATION_LEVEL = "-O";
				VALIDATE_PRODUCT = YES;
			};
			name = Release;
		};
		8116CC9621B4634700968E3E /* Debug */ = {
			isa = XCBuildConfiguration;
			buildSettings = {
				ASSETCATALOG_COMPILER_APPICON_NAME = AppIcon;
				CODE_SIGN_STYLE = Automatic;
				DEVELOPMENT_TEAM = HGFZ89E935;
				INFOPLIST_FILE = MetalDay3/Info.plist;
				IPHONEOS_DEPLOYMENT_TARGET = 12.0;
				LD_RUNPATH_SEARCH_PATHS = (
					"$(inherited)",
					"@executable_path/Frameworks",
				);
				PRODUCT_BUNDLE_IDENTIFIER = MikiTakahashi.MetalDay3;
				PRODUCT_NAME = "$(TARGET_NAME)";
				SWIFT_VERSION = 4.2;
				TARGETED_DEVICE_FAMILY = "1,2";
			};
			name = Debug;
		};
		8116CC9721B4634700968E3E /* Release */ = {
			isa = XCBuildConfiguration;
			buildSettings = {
				ASSETCATALOG_COMPILER_APPICON_NAME = AppIcon;
				CODE_SIGN_STYLE = Automatic;
				DEVELOPMENT_TEAM = HGFZ89E935;
				INFOPLIST_FILE = MetalDay3/Info.plist;
				IPHONEOS_DEPLOYMENT_TARGET = 12.0;
				LD_RUNPATH_SEARCH_PATHS = (
					"$(inherited)",
					"@executable_path/Frameworks",
				);
				PRODUCT_BUNDLE_IDENTIFIER = MikiTakahashi.MetalDay3;
				PRODUCT_NAME = "$(TARGET_NAME)";
				SWIFT_VERSION = 4.2;
				TARGETED_DEVICE_FAMILY = "1,2";
			};
			name = Release;
		};
		8116CC9921B4634700968E3E /* Debug */ = {
			isa = XCBuildConfiguration;
			buildSettings = {
				ALWAYS_EMBED_SWIFT_STANDARD_LIBRARIES = YES;
				BUNDLE_LOADER = "$(TEST_HOST)";
				CODE_SIGN_STYLE = Automatic;
				DEVELOPMENT_TEAM = HGFZ89E935;
				INFOPLIST_FILE = MetalDay3Tests/Info.plist;
				LD_RUNPATH_SEARCH_PATHS = (
					"$(inherited)",
					"@executable_path/Frameworks",
					"@loader_path/Frameworks",
				);
				PRODUCT_BUNDLE_IDENTIFIER = MikiTakahashi.MetalDay3Tests;
				PRODUCT_NAME = "$(TARGET_NAME)";
				SWIFT_VERSION = 4.2;
				TARGETED_DEVICE_FAMILY = "1,2";
				TEST_HOST = "$(BUILT_PRODUCTS_DIR)/MetalDay3.app/MetalDay3";
			};
			name = Debug;
		};
		8116CC9A21B4634700968E3E /* Release */ = {
			isa = XCBuildConfiguration;
			buildSettings = {
				ALWAYS_EMBED_SWIFT_STANDARD_LIBRARIES = YES;
				BUNDLE_LOADER = "$(TEST_HOST)";
				CODE_SIGN_STYLE = Automatic;
				DEVELOPMENT_TEAM = HGFZ89E935;
				INFOPLIST_FILE = MetalDay3Tests/Info.plist;
				LD_RUNPATH_SEARCH_PATHS = (
					"$(inherited)",
					"@executable_path/Frameworks",
					"@loader_path/Frameworks",
				);
				PRODUCT_BUNDLE_IDENTIFIER = MikiTakahashi.MetalDay3Tests;
				PRODUCT_NAME = "$(TARGET_NAME)";
				SWIFT_VERSION = 4.2;
				TARGETED_DEVICE_FAMILY = "1,2";
				TEST_HOST = "$(BUILT_PRODUCTS_DIR)/MetalDay3.app/MetalDay3";
			};
			name = Release;
		};
		8116CC9C21B4634700968E3E /* Debug */ = {
			isa = XCBuildConfiguration;
			buildSettings = {
				ALWAYS_EMBED_SWIFT_STANDARD_LIBRARIES = YES;
				CODE_SIGN_STYLE = Automatic;
				DEVELOPMENT_TEAM = HGFZ89E935;
				INFOPLIST_FILE = MetalDay3UITests/Info.plist;
				LD_RUNPATH_SEARCH_PATHS = (
					"$(inherited)",
					"@executable_path/Frameworks",
					"@loader_path/Frameworks",
				);
				PRODUCT_BUNDLE_IDENTIFIER = MikiTakahashi.MetalDay3UITests;
				PRODUCT_NAME = "$(TARGET_NAME)";
				SWIFT_VERSION = 4.2;
				TARGETED_DEVICE_FAMILY = "1,2";
				TEST_TARGET_NAME = MetalDay3;
			};
			name = Debug;
		};
		8116CC9D21B4634700968E3E /* Release */ = {
			isa = XCBuildConfiguration;
			buildSettings = {
				ALWAYS_EMBED_SWIFT_STANDARD_LIBRARIES = YES;
				CODE_SIGN_STYLE = Automatic;
				DEVELOPMENT_TEAM = HGFZ89E935;
				INFOPLIST_FILE = MetalDay3UITests/Info.plist;
				LD_RUNPATH_SEARCH_PATHS = (
					"$(inherited)",
					"@executable_path/Frameworks",
					"@loader_path/Frameworks",
				);
				PRODUCT_BUNDLE_IDENTIFIER = MikiTakahashi.MetalDay3UITests;
				PRODUCT_NAME = "$(TARGET_NAME)";
				SWIFT_VERSION = 4.2;
				TARGETED_DEVICE_FAMILY = "1,2";
				TEST_TARGET_NAME = MetalDay3;
			};
			name = Release;
		};
/* End XCBuildConfiguration section */

/* Begin XCConfigurationList section */
		8116CC6821B4634500968E3E /* Build configuration list for PBXProject "MetalDay3" */ = {
			isa = XCConfigurationList;
			buildConfigurations = (
				8116CC9321B4634700968E3E /* Debug */,
				8116CC9421B4634700968E3E /* Release */,
			);
			defaultConfigurationIsVisible = 0;
			defaultConfigurationName = Release;
		};
		8116CC9521B4634700968E3E /* Build configuration list for PBXNativeTarget "MetalDay3" */ = {
			isa = XCConfigurationList;
			buildConfigurations = (
				8116CC9621B4634700968E3E /* Debug */,
				8116CC9721B4634700968E3E /* Release */,
			);
			defaultConfigurationIsVisible = 0;
			defaultConfigurationName = Release;
		};
		8116CC9821B4634700968E3E /* Build configuration list for PBXNativeTarget "MetalDay3Tests" */ = {
			isa = XCConfigurationList;
			buildConfigurations = (
				8116CC9921B4634700968E3E /* Debug */,
				8116CC9A21B4634700968E3E /* Release */,
			);
			defaultConfigurationIsVisible = 0;
			defaultConfigurationName = Release;
		};
		8116CC9B21B4634700968E3E /* Build configuration list for PBXNativeTarget "MetalDay3UITests" */ = {
			isa = XCConfigurationList;
			buildConfigurations = (
				8116CC9C21B4634700968E3E /* Debug */,
				8116CC9D21B4634700968E3E /* Release */,
			);
			defaultConfigurationIsVisible = 0;
			defaultConfigurationName = Release;
		};
/* End XCConfigurationList section */
	};
	rootObject = 8116CC6521B4634500968E3E /* Project object */;
}
