// !$*UTF8*$!
{
	archiveVersion = 1;
	classes = {
	};
	objectVersion = 50;
	objects = {

/* Begin PBXBuildFile section */
		8135504421B7AF8900CC55B3 /* AppDelegate.swift in Sources */ = {isa = PBXBuildFile; fileRef = 8135504321B7AF8900CC55B3 /* AppDelegate.swift */; };
		8135504621B7AF8900CC55B3 /* ViewController.swift in Sources */ = {isa = PBXBuildFile; fileRef = 8135504521B7AF8900CC55B3 /* ViewController.swift */; };
		8135504921B7AF8900CC55B3 /* Main.storyboard in Resources */ = {isa = PBXBuildFile; fileRef = 8135504721B7AF8900CC55B3 /* Main.storyboard */; };
		8135504B21B7AF8A00CC55B3 /* Assets.xcassets in Resources */ = {isa = PBXBuildFile; fileRef = 8135504A21B7AF8A00CC55B3 /* Assets.xcassets */; };
		8135504E21B7AF8A00CC55B3 /* LaunchScreen.storyboard in Resources */ = {isa = PBXBuildFile; fileRef = 8135504C21B7AF8A00CC55B3 /* LaunchScreen.storyboard */; };
		8135505921B7AF8A00CC55B3 /* MetalDay5Tests.swift in Sources */ = {isa = PBXBuildFile; fileRef = 8135505821B7AF8A00CC55B3 /* MetalDay5Tests.swift */; };
		8135506421B7AF8A00CC55B3 /* MetalDay5UITests.swift in Sources */ = {isa = PBXBuildFile; fileRef = 8135506321B7AF8A00CC55B3 /* MetalDay5UITests.swift */; };
		8135507221B7B18900CC55B3 /* Renderer.swift in Sources */ = {isa = PBXBuildFile; fileRef = 8135507121B7B18900CC55B3 /* Renderer.swift */; };
		8135507421B7B1BC00CC55B3 /* shaders.metal in Sources */ = {isa = PBXBuildFile; fileRef = 8135507321B7B1BC00CC55B3 /* shaders.metal */; };
		8135507621B7B1DA00CC55B3 /* Types.swift in Sources */ = {isa = PBXBuildFile; fileRef = 8135507521B7B1DA00CC55B3 /* Types.swift */; };
		8135507821B7B48A00CC55B3 /* koara.jpg in Resources */ = {isa = PBXBuildFile; fileRef = 8135507721B7B48A00CC55B3 /* koara.jpg */; };
/* End PBXBuildFile section */

/* Begin PBXContainerItemProxy section */
		8135505521B7AF8A00CC55B3 /* PBXContainerItemProxy */ = {
			isa = PBXContainerItemProxy;
			containerPortal = 8135503821B7AF8900CC55B3 /* Project object */;
			proxyType = 1;
			remoteGlobalIDString = 8135503F21B7AF8900CC55B3;
			remoteInfo = MetalDay5;
		};
		8135506021B7AF8A00CC55B3 /* PBXContainerItemProxy */ = {
			isa = PBXContainerItemProxy;
			containerPortal = 8135503821B7AF8900CC55B3 /* Project object */;
			proxyType = 1;
			remoteGlobalIDString = 8135503F21B7AF8900CC55B3;
			remoteInfo = MetalDay5;
		};
/* End PBXContainerItemProxy section */

/* Begin PBXFileReference section */
		8135504021B7AF8900CC55B3 /* MetalDay5.app */ = {isa = PBXFileReference; explicitFileType = wrapper.application; includeInIndex = 0; path = MetalDay5.app; sourceTree = BUILT_PRODUCTS_DIR; };
		8135504321B7AF8900CC55B3 /* AppDelegate.swift */ = {isa = PBXFileReference; lastKnownFileType = sourcecode.swift; path = AppDelegate.swift; sourceTree = "<group>"; };
		8135504521B7AF8900CC55B3 /* ViewController.swift */ = {isa = PBXFileReference; lastKnownFileType = sourcecode.swift; path = ViewController.swift; sourceTree = "<group>"; };
		8135504821B7AF8900CC55B3 /* Base */ = {isa = PBXFileReference; lastKnownFileType = file.storyboard; name = Base; path = Base.lproj/Main.storyboard; sourceTree = "<group>"; };
		8135504A21B7AF8A00CC55B3 /* Assets.xcassets */ = {isa = PBXFileReference; lastKnownFileType = folder.assetcatalog; path = Assets.xcassets; sourceTree = "<group>"; };
		8135504D21B7AF8A00CC55B3 /* Base */ = {isa = PBXFileReference; lastKnownFileType = file.storyboard; name = Base; path = Base.lproj/LaunchScreen.storyboard; sourceTree = "<group>"; };
		8135504F21B7AF8A00CC55B3 /* Info.plist */ = {isa = PBXFileReference; lastKnownFileType = text.plist.xml; path = Info.plist; sourceTree = "<group>"; };
		8135505421B7AF8A00CC55B3 /* MetalDay5Tests.xctest */ = {isa = PBXFileReference; explicitFileType = wrapper.cfbundle; includeInIndex = 0; path = MetalDay5Tests.xctest; sourceTree = BUILT_PRODUCTS_DIR; };
		8135505821B7AF8A00CC55B3 /* MetalDay5Tests.swift */ = {isa = PBXFileReference; lastKnownFileType = sourcecode.swift; path = MetalDay5Tests.swift; sourceTree = "<group>"; };
		8135505A21B7AF8A00CC55B3 /* Info.plist */ = {isa = PBXFileReference; lastKnownFileType = text.plist.xml; path = Info.plist; sourceTree = "<group>"; };
		8135505F21B7AF8A00CC55B3 /* MetalDay5UITests.xctest */ = {isa = PBXFileReference; explicitFileType = wrapper.cfbundle; includeInIndex = 0; path = MetalDay5UITests.xctest; sourceTree = BUILT_PRODUCTS_DIR; };
		8135506321B7AF8A00CC55B3 /* MetalDay5UITests.swift */ = {isa = PBXFileReference; lastKnownFileType = sourcecode.swift; path = MetalDay5UITests.swift; sourceTree = "<group>"; };
		8135506521B7AF8A00CC55B3 /* Info.plist */ = {isa = PBXFileReference; lastKnownFileType = text.plist.xml; path = Info.plist; sourceTree = "<group>"; };
		8135507121B7B18900CC55B3 /* Renderer.swift */ = {isa = PBXFileReference; lastKnownFileType = sourcecode.swift; path = Renderer.swift; sourceTree = "<group>"; };
		8135507321B7B1BC00CC55B3 /* shaders.metal */ = {isa = PBXFileReference; lastKnownFileType = sourcecode.metal; path = shaders.metal; sourceTree = "<group>"; };
		8135507521B7B1DA00CC55B3 /* Types.swift */ = {isa = PBXFileReference; lastKnownFileType = sourcecode.swift; path = Types.swift; sourceTree = "<group>"; };
		8135507721B7B48A00CC55B3 /* koara.jpg */ = {isa = PBXFileReference; lastKnownFileType = image.jpeg; path = koara.jpg; sourceTree = "<group>"; };
/* End PBXFileReference section */

/* Begin PBXFrameworksBuildPhase section */
		8135503D21B7AF8900CC55B3 /* Frameworks */ = {
			isa = PBXFrameworksBuildPhase;
			buildActionMask = 2147483647;
			files = (
			);
			runOnlyForDeploymentPostprocessing = 0;
		};
		8135505121B7AF8A00CC55B3 /* Frameworks */ = {
			isa = PBXFrameworksBuildPhase;
			buildActionMask = 2147483647;
			files = (
			);
			runOnlyForDeploymentPostprocessing = 0;
		};
		8135505C21B7AF8A00CC55B3 /* Frameworks */ = {
			isa = PBXFrameworksBuildPhase;
			buildActionMask = 2147483647;
			files = (
			);
			runOnlyForDeploymentPostprocessing = 0;
		};
/* End PBXFrameworksBuildPhase section */

/* Begin PBXGroup section */
		8135503721B7AF8900CC55B3 = {
			isa = PBXGroup;
			children = (
				8135504221B7AF8900CC55B3 /* MetalDay5 */,
				8135505721B7AF8A00CC55B3 /* MetalDay5Tests */,
				8135506221B7AF8A00CC55B3 /* MetalDay5UITests */,
				8135504121B7AF8900CC55B3 /* Products */,
			);
			sourceTree = "<group>";
		};
		8135504121B7AF8900CC55B3 /* Products */ = {
			isa = PBXGroup;
			children = (
				8135504021B7AF8900CC55B3 /* MetalDay5.app */,
				8135505421B7AF8A00CC55B3 /* MetalDay5Tests.xctest */,
				8135505F21B7AF8A00CC55B3 /* MetalDay5UITests.xctest */,
			);
			name = Products;
			sourceTree = "<group>";
		};
		8135504221B7AF8900CC55B3 /* MetalDay5 */ = {
			isa = PBXGroup;
			children = (
				8135504321B7AF8900CC55B3 /* AppDelegate.swift */,
				8135507721B7B48A00CC55B3 /* koara.jpg */,
				8135504521B7AF8900CC55B3 /* ViewController.swift */,
				8135504721B7AF8900CC55B3 /* Main.storyboard */,
				8135504A21B7AF8A00CC55B3 /* Assets.xcassets */,
				8135504C21B7AF8A00CC55B3 /* LaunchScreen.storyboard */,
				8135504F21B7AF8A00CC55B3 /* Info.plist */,
				8135507121B7B18900CC55B3 /* Renderer.swift */,
				8135507321B7B1BC00CC55B3 /* shaders.metal */,
				8135507521B7B1DA00CC55B3 /* Types.swift */,
			);
			path = MetalDay5;
			sourceTree = "<group>";
		};
		8135505721B7AF8A00CC55B3 /* MetalDay5Tests */ = {
			isa = PBXGroup;
			children = (
				8135505821B7AF8A00CC55B3 /* MetalDay5Tests.swift */,
				8135505A21B7AF8A00CC55B3 /* Info.plist */,
			);
			path = MetalDay5Tests;
			sourceTree = "<group>";
		};
		8135506221B7AF8A00CC55B3 /* MetalDay5UITests */ = {
			isa = PBXGroup;
			children = (
				8135506321B7AF8A00CC55B3 /* MetalDay5UITests.swift */,
				8135506521B7AF8A00CC55B3 /* Info.plist */,
			);
			path = MetalDay5UITests;
			sourceTree = "<group>";
		};
/* End PBXGroup section */

/* Begin PBXNativeTarget section */
		8135503F21B7AF8900CC55B3 /* MetalDay5 */ = {
			isa = PBXNativeTarget;
			buildConfigurationList = 8135506821B7AF8A00CC55B3 /* Build configuration list for PBXNativeTarget "MetalDay5" */;
			buildPhases = (
				8135503C21B7AF8900CC55B3 /* Sources */,
				8135503D21B7AF8900CC55B3 /* Frameworks */,
				8135503E21B7AF8900CC55B3 /* Resources */,
			);
			buildRules = (
			);
			dependencies = (
			);
			name = MetalDay5;
			productName = MetalDay5;
			productReference = 8135504021B7AF8900CC55B3 /* MetalDay5.app */;
			productType = "com.apple.product-type.application";
		};
		8135505321B7AF8A00CC55B3 /* MetalDay5Tests */ = {
			isa = PBXNativeTarget;
			buildConfigurationList = 8135506B21B7AF8A00CC55B3 /* Build configuration list for PBXNativeTarget "MetalDay5Tests" */;
			buildPhases = (
				8135505021B7AF8A00CC55B3 /* Sources */,
				8135505121B7AF8A00CC55B3 /* Frameworks */,
				8135505221B7AF8A00CC55B3 /* Resources */,
			);
			buildRules = (
			);
			dependencies = (
				8135505621B7AF8A00CC55B3 /* PBXTargetDependency */,
			);
			name = MetalDay5Tests;
			productName = MetalDay5Tests;
			productReference = 8135505421B7AF8A00CC55B3 /* MetalDay5Tests.xctest */;
			productType = "com.apple.product-type.bundle.unit-test";
		};
		8135505E21B7AF8A00CC55B3 /* MetalDay5UITests */ = {
			isa = PBXNativeTarget;
			buildConfigurationList = 8135506E21B7AF8A00CC55B3 /* Build configuration list for PBXNativeTarget "MetalDay5UITests" */;
			buildPhases = (
				8135505B21B7AF8A00CC55B3 /* Sources */,
				8135505C21B7AF8A00CC55B3 /* Frameworks */,
				8135505D21B7AF8A00CC55B3 /* Resources */,
			);
			buildRules = (
			);
			dependencies = (
				8135506121B7AF8A00CC55B3 /* PBXTargetDependency */,
			);
			name = MetalDay5UITests;
			productName = MetalDay5UITests;
			productReference = 8135505F21B7AF8A00CC55B3 /* MetalDay5UITests.xctest */;
			productType = "com.apple.product-type.bundle.ui-testing";
		};
/* End PBXNativeTarget section */

/* Begin PBXProject section */
		8135503821B7AF8900CC55B3 /* Project object */ = {
			isa = PBXProject;
			attributes = {
				LastSwiftUpdateCheck = 1010;
				LastUpgradeCheck = 1010;
				ORGANIZATIONNAME = MikiTakahashi;
				TargetAttributes = {
					8135503F21B7AF8900CC55B3 = {
						CreatedOnToolsVersion = 10.1;
					};
					8135505321B7AF8A00CC55B3 = {
						CreatedOnToolsVersion = 10.1;
						TestTargetID = 8135503F21B7AF8900CC55B3;
					};
					8135505E21B7AF8A00CC55B3 = {
						CreatedOnToolsVersion = 10.1;
						TestTargetID = 8135503F21B7AF8900CC55B3;
					};
				};
			};
			buildConfigurationList = 8135503B21B7AF8900CC55B3 /* Build configuration list for PBXProject "MetalDay5" */;
			compatibilityVersion = "Xcode 9.3";
			developmentRegion = en;
			hasScannedForEncodings = 0;
			knownRegions = (
				en,
				Base,
			);
			mainGroup = 8135503721B7AF8900CC55B3;
			productRefGroup = 8135504121B7AF8900CC55B3 /* Products */;
			projectDirPath = "";
			projectRoot = "";
			targets = (
				8135503F21B7AF8900CC55B3 /* MetalDay5 */,
				8135505321B7AF8A00CC55B3 /* MetalDay5Tests */,
				8135505E21B7AF8A00CC55B3 /* MetalDay5UITests */,
			);
		};
/* End PBXProject section */

/* Begin PBXResourcesBuildPhase section */
		8135503E21B7AF8900CC55B3 /* Resources */ = {
			isa = PBXResourcesBuildPhase;
			buildActionMask = 2147483647;
			files = (
				8135504E21B7AF8A00CC55B3 /* LaunchScreen.storyboard in Resources */,
				8135504B21B7AF8A00CC55B3 /* Assets.xcassets in Resources */,
				8135507821B7B48A00CC55B3 /* koara.jpg in Resources */,
				8135504921B7AF8900CC55B3 /* Main.storyboard in Resources */,
			);
			runOnlyForDeploymentPostprocessing = 0;
		};
		8135505221B7AF8A00CC55B3 /* Resources */ = {
			isa = PBXResourcesBuildPhase;
			buildActionMask = 2147483647;
			files = (
			);
			runOnlyForDeploymentPostprocessing = 0;
		};
		8135505D21B7AF8A00CC55B3 /* Resources */ = {
			isa = PBXResourcesBuildPhase;
			buildActionMask = 2147483647;
			files = (
			);
			runOnlyForDeploymentPostprocessing = 0;
		};
/* End PBXResourcesBuildPhase section */

/* Begin PBXSourcesBuildPhase section */
		8135503C21B7AF8900CC55B3 /* Sources */ = {
			isa = PBXSourcesBuildPhase;
			buildActionMask = 2147483647;
			files = (
				8135507421B7B1BC00CC55B3 /* shaders.metal in Sources */,
				8135504621B7AF8900CC55B3 /* ViewController.swift in Sources */,
				8135507221B7B18900CC55B3 /* Renderer.swift in Sources */,
				8135507621B7B1DA00CC55B3 /* Types.swift in Sources */,
				8135504421B7AF8900CC55B3 /* AppDelegate.swift in Sources */,
			);
			runOnlyForDeploymentPostprocessing = 0;
		};
		8135505021B7AF8A00CC55B3 /* Sources */ = {
			isa = PBXSourcesBuildPhase;
			buildActionMask = 2147483647;
			files = (
				8135505921B7AF8A00CC55B3 /* MetalDay5Tests.swift in Sources */,
			);
			runOnlyForDeploymentPostprocessing = 0;
		};
		8135505B21B7AF8A00CC55B3 /* Sources */ = {
			isa = PBXSourcesBuildPhase;
			buildActionMask = 2147483647;
			files = (
				8135506421B7AF8A00CC55B3 /* MetalDay5UITests.swift in Sources */,
			);
			runOnlyForDeploymentPostprocessing = 0;
		};
/* End PBXSourcesBuildPhase section */

/* Begin PBXTargetDependency section */
		8135505621B7AF8A00CC55B3 /* PBXTargetDependency */ = {
			isa = PBXTargetDependency;
			target = 8135503F21B7AF8900CC55B3 /* MetalDay5 */;
			targetProxy = 8135505521B7AF8A00CC55B3 /* PBXContainerItemProxy */;
		};
		8135506121B7AF8A00CC55B3 /* PBXTargetDependency */ = {
			isa = PBXTargetDependency;
			target = 8135503F21B7AF8900CC55B3 /* MetalDay5 */;
			targetProxy = 8135506021B7AF8A00CC55B3 /* PBXContainerItemProxy */;
		};
/* End PBXTargetDependency section */

/* Begin PBXVariantGroup section */
		8135504721B7AF8900CC55B3 /* Main.storyboard */ = {
			isa = PBXVariantGroup;
			children = (
				8135504821B7AF8900CC55B3 /* Base */,
			);
			name = Main.storyboard;
			sourceTree = "<group>";
		};
		8135504C21B7AF8A00CC55B3 /* LaunchScreen.storyboard */ = {
			isa = PBXVariantGroup;
			children = (
				8135504D21B7AF8A00CC55B3 /* Base */,
			);
			name = LaunchScreen.storyboard;
			sourceTree = "<group>";
		};
/* End PBXVariantGroup section */

/* Begin XCBuildConfiguration section */
		8135506621B7AF8A00CC55B3 /* Debug */ = {
			isa = XCBuildConfiguration;
			buildSettings = {
				ALWAYS_SEARCH_USER_PATHS = NO;
				CLANG_ANALYZER_NONNULL = YES;
				CLANG_ANALYZER_NUMBER_OBJECT_CONVERSION = YES_AGGRESSIVE;
				CLANG_CXX_LANGUAGE_STANDARD = "gnu++14";
				CLANG_CXX_LIBRARY = "libc++";
				CLANG_ENABLE_MODULES = YES;
				CLANG_ENABLE_OBJC_ARC = YES;
				CLANG_ENABLE_OBJC_WEAK = YES;
				CLANG_WARN_BLOCK_CAPTURE_AUTORELEASING = YES;
				CLANG_WARN_BOOL_CONVERSION = YES;
				CLANG_WARN_COMMA = YES;
				CLANG_WARN_CONSTANT_CONVERSION = YES;
				CLANG_WARN_DEPRECATED_OBJC_IMPLEMENTATIONS = YES;
				CLANG_WARN_DIRECT_OBJC_ISA_USAGE = YES_ERROR;
				CLANG_WARN_DOCUMENTATION_COMMENTS = YES;
				CLANG_WARN_EMPTY_BODY = YES;
				CLANG_WARN_ENUM_CONVERSION = YES;
				CLANG_WARN_INFINITE_RECURSION = YES;
				CLANG_WARN_INT_CONVERSION = YES;
				CLANG_WARN_NON_LITERAL_NULL_CONVERSION = YES;
				CLANG_WARN_OBJC_IMPLICIT_RETAIN_SELF = YES;
				CLANG_WARN_OBJC_LITERAL_CONVERSION = YES;
				CLANG_WARN_OBJC_ROOT_CLASS = YES_ERROR;
				CLANG_WARN_RANGE_LOOP_ANALYSIS = YES;
				CLANG_WARN_STRICT_PROTOTYPES = YES;
				CLANG_WARN_SUSPICIOUS_MOVE = YES;
				CLANG_WARN_UNGUARDED_AVAILABILITY = YES_AGGRESSIVE;
				CLANG_WARN_UNREACHABLE_CODE = YES;
				CLANG_WARN__DUPLICATE_METHOD_MATCH = YES;
				CODE_SIGN_IDENTITY = "iPhone Developer";
				COPY_PHASE_STRIP = NO;
				DEBUG_INFORMATION_FORMAT = dwarf;
				ENABLE_STRICT_OBJC_MSGSEND = YES;
				ENABLE_TESTABILITY = YES;
				GCC_C_LANGUAGE_STANDARD = gnu11;
				GCC_DYNAMIC_NO_PIC = NO;
				GCC_NO_COMMON_BLOCKS = YES;
				GCC_OPTIMIZATION_LEVEL = 0;
				GCC_PREPROCESSOR_DEFINITIONS = (
					"DEBUG=1",
					"$(inherited)",
				);
				GCC_WARN_64_TO_32_BIT_CONVERSION = YES;
				GCC_WARN_ABOUT_RETURN_TYPE = YES_ERROR;
				GCC_WARN_UNDECLARED_SELECTOR = YES;
				GCC_WARN_UNINITIALIZED_AUTOS = YES_AGGRESSIVE;
				GCC_WARN_UNUSED_FUNCTION = YES;
				GCC_WARN_UNUSED_VARIABLE = YES;
				IPHONEOS_DEPLOYMENT_TARGET = 12.1;
				MTL_ENABLE_DEBUG_INFO = INCLUDE_SOURCE;
				MTL_FAST_MATH = YES;
				ONLY_ACTIVE_ARCH = YES;
				SDKROOT = iphoneos;
				SWIFT_ACTIVE_COMPILATION_CONDITIONS = DEBUG;
				SWIFT_OPTIMIZATION_LEVEL = "-Onone";
			};
			name = Debug;
		};
		8135506721B7AF8A00CC55B3 /* Release */ = {
			isa = XCBuildConfiguration;
			buildSettings = {
				ALWAYS_SEARCH_USER_PATHS = NO;
				CLANG_ANALYZER_NONNULL = YES;
				CLANG_ANALYZER_NUMBER_OBJECT_CONVERSION = YES_AGGRESSIVE;
				CLANG_CXX_LANGUAGE_STANDARD = "gnu++14";
				CLANG_CXX_LIBRARY = "libc++";
				CLANG_ENABLE_MODULES = YES;
				CLANG_ENABLE_OBJC_ARC = YES;
				CLANG_ENABLE_OBJC_WEAK = YES;
				CLANG_WARN_BLOCK_CAPTURE_AUTORELEASING = YES;
				CLANG_WARN_BOOL_CONVERSION = YES;
				CLANG_WARN_COMMA = YES;
				CLANG_WARN_CONSTANT_CONVERSION = YES;
				CLANG_WARN_DEPRECATED_OBJC_IMPLEMENTATIONS = YES;
				CLANG_WARN_DIRECT_OBJC_ISA_USAGE = YES_ERROR;
				CLANG_WARN_DOCUMENTATION_COMMENTS = YES;
				CLANG_WARN_EMPTY_BODY = YES;
				CLANG_WARN_ENUM_CONVERSION = YES;
				CLANG_WARN_INFINITE_RECURSION = YES;
				CLANG_WARN_INT_CONVERSION = YES;
				CLANG_WARN_NON_LITERAL_NULL_CONVERSION = YES;
				CLANG_WARN_OBJC_IMPLICIT_RETAIN_SELF = YES;
				CLANG_WARN_OBJC_LITERAL_CONVERSION = YES;
				CLANG_WARN_OBJC_ROOT_CLASS = YES_ERROR;
				CLANG_WARN_RANGE_LOOP_ANALYSIS = YES;
				CLANG_WARN_STRICT_PROTOTYPES = YES;
				CLANG_WARN_SUSPICIOUS_MOVE = YES;
				CLANG_WARN_UNGUARDED_AVAILABILITY = YES_AGGRESSIVE;
				CLANG_WARN_UNREACHABLE_CODE = YES;
				CLANG_WARN__DUPLICATE_METHOD_MATCH = YES;
				CODE_SIGN_IDENTITY = "iPhone Developer";
				COPY_PHASE_STRIP = NO;
				DEBUG_INFORMATION_FORMAT = "dwarf-with-dsym";
				ENABLE_NS_ASSERTIONS = NO;
				ENABLE_STRICT_OBJC_MSGSEND = YES;
				GCC_C_LANGUAGE_STANDARD = gnu11;
				GCC_NO_COMMON_BLOCKS = YES;
				GCC_WARN_64_TO_32_BIT_CONVERSION = YES;
				GCC_WARN_ABOUT_RETURN_TYPE = YES_ERROR;
				GCC_WARN_UNDECLARED_SELECTOR = YES;
				GCC_WARN_UNINITIALIZED_AUTOS = YES_AGGRESSIVE;
				GCC_WARN_UNUSED_FUNCTION = YES;
				GCC_WARN_UNUSED_VARIABLE = YES;
				IPHONEOS_DEPLOYMENT_TARGET = 12.1;
				MTL_ENABLE_DEBUG_INFO = NO;
				MTL_FAST_MATH = YES;
				SDKROOT = iphoneos;
				SWIFT_COMPILATION_MODE = wholemodule;
				SWIFT_OPTIMIZATION_LEVEL = "-O";
				VALIDATE_PRODUCT = YES;
			};
			name = Release;
		};
		8135506921B7AF8A00CC55B3 /* Debug */ = {
			isa = XCBuildConfiguration;
			buildSettings = {
				ASSETCATALOG_COMPILER_APPICON_NAME = AppIcon;
				CODE_SIGN_STYLE = Automatic;
				DEVELOPMENT_TEAM = HGFZ89E935;
				INFOPLIST_FILE = MetalDay5/Info.plist;
				IPHONEOS_DEPLOYMENT_TARGET = 12.0;
				LD_RUNPATH_SEARCH_PATHS = (
					"$(inherited)",
					"@executable_path/Frameworks",
				);
				PRODUCT_BUNDLE_IDENTIFIER = MikiTakahashi.MetalDay5;
				PRODUCT_NAME = "$(TARGET_NAME)";
				SWIFT_VERSION = 4.2;
				TARGETED_DEVICE_FAMILY = "1,2";
			};
			name = Debug;
		};
		8135506A21B7AF8A00CC55B3 /* Release */ = {
			isa = XCBuildConfiguration;
			buildSettings = {
				ASSETCATALOG_COMPILER_APPICON_NAME = AppIcon;
				CODE_SIGN_STYLE = Automatic;
				DEVELOPMENT_TEAM = HGFZ89E935;
				INFOPLIST_FILE = MetalDay5/Info.plist;
				IPHONEOS_DEPLOYMENT_TARGET = 12.0;
				LD_RUNPATH_SEARCH_PATHS = (
					"$(inherited)",
					"@executable_path/Frameworks",
				);
				PRODUCT_BUNDLE_IDENTIFIER = MikiTakahashi.MetalDay5;
				PRODUCT_NAME = "$(TARGET_NAME)";
				SWIFT_VERSION = 4.2;
				TARGETED_DEVICE_FAMILY = "1,2";
			};
			name = Release;
		};
		8135506C21B7AF8A00CC55B3 /* Debug */ = {
			isa = XCBuildConfiguration;
			buildSettings = {
				ALWAYS_EMBED_SWIFT_STANDARD_LIBRARIES = YES;
				BUNDLE_LOADER = "$(TEST_HOST)";
				CODE_SIGN_STYLE = Automatic;
				DEVELOPMENT_TEAM = HGFZ89E935;
				INFOPLIST_FILE = MetalDay5Tests/Info.plist;
				LD_RUNPATH_SEARCH_PATHS = (
					"$(inherited)",
					"@executable_path/Frameworks",
					"@loader_path/Frameworks",
				);
				PRODUCT_BUNDLE_IDENTIFIER = MikiTakahashi.MetalDay5Tests;
				PRODUCT_NAME = "$(TARGET_NAME)";
				SWIFT_VERSION = 4.2;
				TARGETED_DEVICE_FAMILY = "1,2";
				TEST_HOST = "$(BUILT_PRODUCTS_DIR)/MetalDay5.app/MetalDay5";
			};
			name = Debug;
		};
		8135506D21B7AF8A00CC55B3 /* Release */ = {
			isa = XCBuildConfiguration;
			buildSettings = {
				ALWAYS_EMBED_SWIFT_STANDARD_LIBRARIES = YES;
				BUNDLE_LOADER = "$(TEST_HOST)";
				CODE_SIGN_STYLE = Automatic;
				DEVELOPMENT_TEAM = HGFZ89E935;
				INFOPLIST_FILE = MetalDay5Tests/Info.plist;
				LD_RUNPATH_SEARCH_PATHS = (
					"$(inherited)",
					"@executable_path/Frameworks",
					"@loader_path/Frameworks",
				);
				PRODUCT_BUNDLE_IDENTIFIER = MikiTakahashi.MetalDay5Tests;
				PRODUCT_NAME = "$(TARGET_NAME)";
				SWIFT_VERSION = 4.2;
				TARGETED_DEVICE_FAMILY = "1,2";
				TEST_HOST = "$(BUILT_PRODUCTS_DIR)/MetalDay5.app/MetalDay5";
			};
			name = Release;
		};
		8135506F21B7AF8A00CC55B3 /* Debug */ = {
			isa = XCBuildConfiguration;
			buildSettings = {
				ALWAYS_EMBED_SWIFT_STANDARD_LIBRARIES = YES;
				CODE_SIGN_STYLE = Automatic;
				DEVELOPMENT_TEAM = HGFZ89E935;
				INFOPLIST_FILE = MetalDay5UITests/Info.plist;
				LD_RUNPATH_SEARCH_PATHS = (
					"$(inherited)",
					"@executable_path/Frameworks",
					"@loader_path/Frameworks",
				);
				PRODUCT_BUNDLE_IDENTIFIER = MikiTakahashi.MetalDay5UITests;
				PRODUCT_NAME = "$(TARGET_NAME)";
				SWIFT_VERSION = 4.2;
				TARGETED_DEVICE_FAMILY = "1,2";
				TEST_TARGET_NAME = MetalDay5;
			};
			name = Debug;
		};
		8135507021B7AF8A00CC55B3 /* Release */ = {
			isa = XCBuildConfiguration;
			buildSettings = {
				ALWAYS_EMBED_SWIFT_STANDARD_LIBRARIES = YES;
				CODE_SIGN_STYLE = Automatic;
				DEVELOPMENT_TEAM = HGFZ89E935;
				INFOPLIST_FILE = MetalDay5UITests/Info.plist;
				LD_RUNPATH_SEARCH_PATHS = (
					"$(inherited)",
					"@executable_path/Frameworks",
					"@loader_path/Frameworks",
				);
				PRODUCT_BUNDLE_IDENTIFIER = MikiTakahashi.MetalDay5UITests;
				PRODUCT_NAME = "$(TARGET_NAME)";
				SWIFT_VERSION = 4.2;
				TARGETED_DEVICE_FAMILY = "1,2";
				TEST_TARGET_NAME = MetalDay5;
			};
			name = Release;
		};
/* End XCBuildConfiguration section */

/* Begin XCConfigurationList section */
		8135503B21B7AF8900CC55B3 /* Build configuration list for PBXProject "MetalDay5" */ = {
			isa = XCConfigurationList;
			buildConfigurations = (
				8135506621B7AF8A00CC55B3 /* Debug */,
				8135506721B7AF8A00CC55B3 /* Release */,
			);
			defaultConfigurationIsVisible = 0;
			defaultConfigurationName = Release;
		};
		8135506821B7AF8A00CC55B3 /* Build configuration list for PBXNativeTarget "MetalDay5" */ = {
			isa = XCConfigurationList;
			buildConfigurations = (
				8135506921B7AF8A00CC55B3 /* Debug */,
				8135506A21B7AF8A00CC55B3 /* Release */,
			);
			defaultConfigurationIsVisible = 0;
			defaultConfigurationName = Release;
		};
		8135506B21B7AF8A00CC55B3 /* Build configuration list for PBXNativeTarget "MetalDay5Tests" */ = {
			isa = XCConfigurationList;
			buildConfigurations = (
				8135506C21B7AF8A00CC55B3 /* Debug */,
				8135506D21B7AF8A00CC55B3 /* Release */,
			);
			defaultConfigurationIsVisible = 0;
			defaultConfigurationName = Release;
		};
		8135506E21B7AF8A00CC55B3 /* Build configuration list for PBXNativeTarget "MetalDay5UITests" */ = {
			isa = XCConfigurationList;
			buildConfigurations = (
				8135506F21B7AF8A00CC55B3 /* Debug */,
				8135507021B7AF8A00CC55B3 /* Release */,
			);
			defaultConfigurationIsVisible = 0;
			defaultConfigurationName = Release;
		};
/* End XCConfigurationList section */
	};
	rootObject = 8135503821B7AF8900CC55B3 /* Project object */;
}
