// !$*UTF8*$!
{
	archiveVersion = 1;
	classes = {
	};
	objectVersion = 50;
	objects = {

/* Begin PBXBuildFile section */
		81BE734621AF05F30058CFFD /* AppDelegate.swift in Sources */ = {isa = PBXBuildFile; fileRef = 81BE734521AF05F30058CFFD /* AppDelegate.swift */; };
		81BE734821AF05F30058CFFD /* ViewController.swift in Sources */ = {isa = PBXBuildFile; fileRef = 81BE734721AF05F30058CFFD /* ViewController.swift */; };
		81BE734B21AF05F30058CFFD /* Main.storyboard in Resources */ = {isa = PBXBuildFile; fileRef = 81BE734921AF05F30058CFFD /* Main.storyboard */; };
		81BE734D21AF05F50058CFFD /* Assets.xcassets in Resources */ = {isa = PBXBuildFile; fileRef = 81BE734C21AF05F50058CFFD /* Assets.xcassets */; };
		81BE735021AF05F50058CFFD /* LaunchScreen.storyboard in Resources */ = {isa = PBXBuildFile; fileRef = 81BE734E21AF05F50058CFFD /* LaunchScreen.storyboard */; };
		81BE735B21AF05F50058CFFD /* MetalDay1Tests.swift in Sources */ = {isa = PBXBuildFile; fileRef = 81BE735A21AF05F50058CFFD /* MetalDay1Tests.swift */; };
		81BE736621AF05F50058CFFD /* MetalDay1UITests.swift in Sources */ = {isa = PBXBuildFile; fileRef = 81BE736521AF05F50058CFFD /* MetalDay1UITests.swift */; };
		81BE737421AF08520058CFFD /* Renderer.swift in Sources */ = {isa = PBXBuildFile; fileRef = 81BE737321AF08520058CFFD /* Renderer.swift */; };
		81BE737621AFA0AA0058CFFD /* Shaders.metal in Sources */ = {isa = PBXBuildFile; fileRef = 81BE737521AFA0AA0058CFFD /* Shaders.metal */; };
/* End PBXBuildFile section */

/* Begin PBXContainerItemProxy section */
		81BE735721AF05F50058CFFD /* PBXContainerItemProxy */ = {
			isa = PBXContainerItemProxy;
			containerPortal = 81BE733A21AF05F30058CFFD /* Project object */;
			proxyType = 1;
			remoteGlobalIDString = 81BE734121AF05F30058CFFD;
			remoteInfo = MetalDay1;
		};
		81BE736221AF05F50058CFFD /* PBXContainerItemProxy */ = {
			isa = PBXContainerItemProxy;
			containerPortal = 81BE733A21AF05F30058CFFD /* Project object */;
			proxyType = 1;
			remoteGlobalIDString = 81BE734121AF05F30058CFFD;
			remoteInfo = MetalDay1;
		};
/* End PBXContainerItemProxy section */

/* Begin PBXFileReference section */
		81BE734221AF05F30058CFFD /* MetalDay1.app */ = {isa = PBXFileReference; explicitFileType = wrapper.application; includeInIndex = 0; path = MetalDay1.app; sourceTree = BUILT_PRODUCTS_DIR; };
		81BE734521AF05F30058CFFD /* AppDelegate.swift */ = {isa = PBXFileReference; lastKnownFileType = sourcecode.swift; path = AppDelegate.swift; sourceTree = "<group>"; };
		81BE734721AF05F30058CFFD /* ViewController.swift */ = {isa = PBXFileReference; lastKnownFileType = sourcecode.swift; path = ViewController.swift; sourceTree = "<group>"; };
		81BE734A21AF05F30058CFFD /* Base */ = {isa = PBXFileReference; lastKnownFileType = file.storyboard; name = Base; path = Base.lproj/Main.storyboard; sourceTree = "<group>"; };
		81BE734C21AF05F50058CFFD /* Assets.xcassets */ = {isa = PBXFileReference; lastKnownFileType = folder.assetcatalog; path = Assets.xcassets; sourceTree = "<group>"; };
		81BE734F21AF05F50058CFFD /* Base */ = {isa = PBXFileReference; lastKnownFileType = file.storyboard; name = Base; path = Base.lproj/LaunchScreen.storyboard; sourceTree = "<group>"; };
		81BE735121AF05F50058CFFD /* Info.plist */ = {isa = PBXFileReference; lastKnownFileType = text.plist.xml; path = Info.plist; sourceTree = "<group>"; };
		81BE735621AF05F50058CFFD /* MetalDay1Tests.xctest */ = {isa = PBXFileReference; explicitFileType = wrapper.cfbundle; includeInIndex = 0; path = MetalDay1Tests.xctest; sourceTree = BUILT_PRODUCTS_DIR; };
		81BE735A21AF05F50058CFFD /* MetalDay1Tests.swift */ = {isa = PBXFileReference; lastKnownFileType = sourcecode.swift; path = MetalDay1Tests.swift; sourceTree = "<group>"; };
		81BE735C21AF05F50058CFFD /* Info.plist */ = {isa = PBXFileReference; lastKnownFileType = text.plist.xml; path = Info.plist; sourceTree = "<group>"; };
		81BE736121AF05F50058CFFD /* MetalDay1UITests.xctest */ = {isa = PBXFileReference; explicitFileType = wrapper.cfbundle; includeInIndex = 0; path = MetalDay1UITests.xctest; sourceTree = BUILT_PRODUCTS_DIR; };
		81BE736521AF05F50058CFFD /* MetalDay1UITests.swift */ = {isa = PBXFileReference; lastKnownFileType = sourcecode.swift; path = MetalDay1UITests.swift; sourceTree = "<group>"; };
		81BE736721AF05F50058CFFD /* Info.plist */ = {isa = PBXFileReference; lastKnownFileType = text.plist.xml; path = Info.plist; sourceTree = "<group>"; };
		81BE737321AF08520058CFFD /* Renderer.swift */ = {isa = PBXFileReference; lastKnownFileType = sourcecode.swift; path = Renderer.swift; sourceTree = "<group>"; };
		81BE737521AFA0AA0058CFFD /* Shaders.metal */ = {isa = PBXFileReference; lastKnownFileType = sourcecode.metal; path = Shaders.metal; sourceTree = "<group>"; };
/* End PBXFileReference section */

/* Begin PBXFrameworksBuildPhase section */
		81BE733F21AF05F30058CFFD /* Frameworks */ = {
			isa = PBXFrameworksBuildPhase;
			buildActionMask = 2147483647;
			files = (
			);
			runOnlyForDeploymentPostprocessing = 0;
		};
		81BE735321AF05F50058CFFD /* Frameworks */ = {
			isa = PBXFrameworksBuildPhase;
			buildActionMask = 2147483647;
			files = (
			);
			runOnlyForDeploymentPostprocessing = 0;
		};
		81BE735E21AF05F50058CFFD /* Frameworks */ = {
			isa = PBXFrameworksBuildPhase;
			buildActionMask = 2147483647;
			files = (
			);
			runOnlyForDeploymentPostprocessing = 0;
		};
/* End PBXFrameworksBuildPhase section */

/* Begin PBXGroup section */
		81BE733921AF05F30058CFFD = {
			isa = PBXGroup;
			children = (
				81BE734421AF05F30058CFFD /* MetalDay1 */,
				81BE735921AF05F50058CFFD /* MetalDay1Tests */,
				81BE736421AF05F50058CFFD /* MetalDay1UITests */,
				81BE734321AF05F30058CFFD /* Products */,
			);
			sourceTree = "<group>";
		};
		81BE734321AF05F30058CFFD /* Products */ = {
			isa = PBXGroup;
			children = (
				81BE734221AF05F30058CFFD /* MetalDay1.app */,
				81BE735621AF05F50058CFFD /* MetalDay1Tests.xctest */,
				81BE736121AF05F50058CFFD /* MetalDay1UITests.xctest */,
			);
			name = Products;
			sourceTree = "<group>";
		};
		81BE734421AF05F30058CFFD /* MetalDay1 */ = {
			isa = PBXGroup;
			children = (
				81BE734521AF05F30058CFFD /* AppDelegate.swift */,
				81BE734721AF05F30058CFFD /* ViewController.swift */,
				81BE737321AF08520058CFFD /* Renderer.swift */,
				81BE734921AF05F30058CFFD /* Main.storyboard */,
				81BE734C21AF05F50058CFFD /* Assets.xcassets */,
				81BE734E21AF05F50058CFFD /* LaunchScreen.storyboard */,
				81BE735121AF05F50058CFFD /* Info.plist */,
				81BE737521AFA0AA0058CFFD /* Shaders.metal */,
			);
			path = MetalDay1;
			sourceTree = "<group>";
		};
		81BE735921AF05F50058CFFD /* MetalDay1Tests */ = {
			isa = PBXGroup;
			children = (
				81BE735A21AF05F50058CFFD /* MetalDay1Tests.swift */,
				81BE735C21AF05F50058CFFD /* Info.plist */,
			);
			path = MetalDay1Tests;
			sourceTree = "<group>";
		};
		81BE736421AF05F50058CFFD /* MetalDay1UITests */ = {
			isa = PBXGroup;
			children = (
				81BE736521AF05F50058CFFD /* MetalDay1UITests.swift */,
				81BE736721AF05F50058CFFD /* Info.plist */,
			);
			path = MetalDay1UITests;
			sourceTree = "<group>";
		};
/* End PBXGroup section */

/* Begin PBXNativeTarget section */
		81BE734121AF05F30058CFFD /* MetalDay1 */ = {
			isa = PBXNativeTarget;
			buildConfigurationList = 81BE736A21AF05F50058CFFD /* Build configuration list for PBXNativeTarget "MetalDay1" */;
			buildPhases = (
				81BE733E21AF05F30058CFFD /* Sources */,
				81BE733F21AF05F30058CFFD /* Frameworks */,
				81BE734021AF05F30058CFFD /* Resources */,
			);
			buildRules = (
			);
			dependencies = (
			);
			name = MetalDay1;
			productName = MetalDay1;
			productReference = 81BE734221AF05F30058CFFD /* MetalDay1.app */;
			productType = "com.apple.product-type.application";
		};
		81BE735521AF05F50058CFFD /* MetalDay1Tests */ = {
			isa = PBXNativeTarget;
			buildConfigurationList = 81BE736D21AF05F50058CFFD /* Build configuration list for PBXNativeTarget "MetalDay1Tests" */;
			buildPhases = (
				81BE735221AF05F50058CFFD /* Sources */,
				81BE735321AF05F50058CFFD /* Frameworks */,
				81BE735421AF05F50058CFFD /* Resources */,
			);
			buildRules = (
			);
			dependencies = (
				81BE735821AF05F50058CFFD /* PBXTargetDependency */,
			);
			name = MetalDay1Tests;
			productName = MetalDay1Tests;
			productReference = 81BE735621AF05F50058CFFD /* MetalDay1Tests.xctest */;
			productType = "com.apple.product-type.bundle.unit-test";
		};
		81BE736021AF05F50058CFFD /* MetalDay1UITests */ = {
			isa = PBXNativeTarget;
			buildConfigurationList = 81BE737021AF05F50058CFFD /* Build configuration list for PBXNativeTarget "MetalDay1UITests" */;
			buildPhases = (
				81BE735D21AF05F50058CFFD /* Sources */,
				81BE735E21AF05F50058CFFD /* Frameworks */,
				81BE735F21AF05F50058CFFD /* Resources */,
			);
			buildRules = (
			);
			dependencies = (
				81BE736321AF05F50058CFFD /* PBXTargetDependency */,
			);
			name = MetalDay1UITests;
			productName = MetalDay1UITests;
			productReference = 81BE736121AF05F50058CFFD /* MetalDay1UITests.xctest */;
			productType = "com.apple.product-type.bundle.ui-testing";
		};
/* End PBXNativeTarget section */

/* Begin PBXProject section */
		81BE733A21AF05F30058CFFD /* Project object */ = {
			isa = PBXProject;
			attributes = {
				LastSwiftUpdateCheck = 1010;
				LastUpgradeCheck = 1010;
				ORGANIZATIONNAME = MikiTakahashi;
				TargetAttributes = {
					81BE734121AF05F30058CFFD = {
						CreatedOnToolsVersion = 10.1;
					};
					81BE735521AF05F50058CFFD = {
						CreatedOnToolsVersion = 10.1;
						TestTargetID = 81BE734121AF05F30058CFFD;
					};
					81BE736021AF05F50058CFFD = {
						CreatedOnToolsVersion = 10.1;
						TestTargetID = 81BE734121AF05F30058CFFD;
					};
				};
			};
			buildConfigurationList = 81BE733D21AF05F30058CFFD /* Build configuration list for PBXProject "MetalDay1" */;
			compatibilityVersion = "Xcode 9.3";
			developmentRegion = en;
			hasScannedForEncodings = 0;
			knownRegions = (
				en,
				Base,
			);
			mainGroup = 81BE733921AF05F30058CFFD;
			productRefGroup = 81BE734321AF05F30058CFFD /* Products */;
			projectDirPath = "";
			projectRoot = "";
			targets = (
				81BE734121AF05F30058CFFD /* MetalDay1 */,
				81BE735521AF05F50058CFFD /* MetalDay1Tests */,
				81BE736021AF05F50058CFFD /* MetalDay1UITests */,
			);
		};
/* End PBXProject section */

/* Begin PBXResourcesBuildPhase section */
		81BE734021AF05F30058CFFD /* Resources */ = {
			isa = PBXResourcesBuildPhase;
			buildActionMask = 2147483647;
			files = (
				81BE735021AF05F50058CFFD /* LaunchScreen.storyboard in Resources */,
				81BE734D21AF05F50058CFFD /* Assets.xcassets in Resources */,
				81BE734B21AF05F30058CFFD /* Main.storyboard in Resources */,
			);
			runOnlyForDeploymentPostprocessing = 0;
		};
		81BE735421AF05F50058CFFD /* Resources */ = {
			isa = PBXResourcesBuildPhase;
			buildActionMask = 2147483647;
			files = (
			);
			runOnlyForDeploymentPostprocessing = 0;
		};
		81BE735F21AF05F50058CFFD /* Resources */ = {
			isa = PBXResourcesBuildPhase;
			buildActionMask = 2147483647;
			files = (
			);
			runOnlyForDeploymentPostprocessing = 0;
		};
/* End PBXResourcesBuildPhase section */

/* Begin PBXSourcesBuildPhase section */
		81BE733E21AF05F30058CFFD /* Sources */ = {
			isa = PBXSourcesBuildPhase;
			buildActionMask = 2147483647;
			files = (
				81BE737421AF08520058CFFD /* Renderer.swift in Sources */,
				81BE734821AF05F30058CFFD /* ViewController.swift in Sources */,
				81BE734621AF05F30058CFFD /* AppDelegate.swift in Sources */,
				81BE737621AFA0AA0058CFFD /* Shaders.metal in Sources */,
			);
			runOnlyForDeploymentPostprocessing = 0;
		};
		81BE735221AF05F50058CFFD /* Sources */ = {
			isa = PBXSourcesBuildPhase;
			buildActionMask = 2147483647;
			files = (
				81BE735B21AF05F50058CFFD /* MetalDay1Tests.swift in Sources */,
			);
			runOnlyForDeploymentPostprocessing = 0;
		};
		81BE735D21AF05F50058CFFD /* Sources */ = {
			isa = PBXSourcesBuildPhase;
			buildActionMask = 2147483647;
			files = (
				81BE736621AF05F50058CFFD /* MetalDay1UITests.swift in Sources */,
			);
			runOnlyForDeploymentPostprocessing = 0;
		};
/* End PBXSourcesBuildPhase section */

/* Begin PBXTargetDependency section */
		81BE735821AF05F50058CFFD /* PBXTargetDependency */ = {
			isa = PBXTargetDependency;
			target = 81BE734121AF05F30058CFFD /* MetalDay1 */;
			targetProxy = 81BE735721AF05F50058CFFD /* PBXContainerItemProxy */;
		};
		81BE736321AF05F50058CFFD /* PBXTargetDependency */ = {
			isa = PBXTargetDependency;
			target = 81BE734121AF05F30058CFFD /* MetalDay1 */;
			targetProxy = 81BE736221AF05F50058CFFD /* PBXContainerItemProxy */;
		};
/* End PBXTargetDependency section */

/* Begin PBXVariantGroup section */
		81BE734921AF05F30058CFFD /* Main.storyboard */ = {
			isa = PBXVariantGroup;
			children = (
				81BE734A21AF05F30058CFFD /* Base */,
			);
			name = Main.storyboard;
			sourceTree = "<group>";
		};
		81BE734E21AF05F50058CFFD /* LaunchScreen.storyboard */ = {
			isa = PBXVariantGroup;
			children = (
				81BE734F21AF05F50058CFFD /* Base */,
			);
			name = LaunchScreen.storyboard;
			sourceTree = "<group>";
		};
/* End PBXVariantGroup section */

/* Begin XCBuildConfiguration section */
		81BE736821AF05F50058CFFD /* Debug */ = {
			isa = XCBuildConfiguration;
			buildSettings = {
				ALWAYS_SEARCH_USER_PATHS = NO;
				CLANG_ANALYZER_NONNULL = YES;
				CLANG_ANALYZER_NUMBER_OBJECT_CONVERSION = YES_AGGRESSIVE;
				CLANG_CXX_LANGUAGE_STANDARD = "gnu++14";
				CLANG_CXX_LIBRARY = "libc++";
				CLANG_ENABLE_MODULES = YES;
				CLANG_ENABLE_OBJC_ARC = YES;
				CLANG_ENABLE_OBJC_WEAK = YES;
				CLANG_WARN_BLOCK_CAPTURE_AUTORELEASING = YES;
				CLANG_WARN_BOOL_CONVERSION = YES;
				CLANG_WARN_COMMA = YES;
				CLANG_WARN_CONSTANT_CONVERSION = YES;
				CLANG_WARN_DEPRECATED_OBJC_IMPLEMENTATIONS = YES;
				CLANG_WARN_DIRECT_OBJC_ISA_USAGE = YES_ERROR;
				CLANG_WARN_DOCUMENTATION_COMMENTS = YES;
				CLANG_WARN_EMPTY_BODY = YES;
				CLANG_WARN_ENUM_CONVERSION = YES;
				CLANG_WARN_INFINITE_RECURSION = YES;
				CLANG_WARN_INT_CONVERSION = YES;
				CLANG_WARN_NON_LITERAL_NULL_CONVERSION = YES;
				CLANG_WARN_OBJC_IMPLICIT_RETAIN_SELF = YES;
				CLANG_WARN_OBJC_LITERAL_CONVERSION = YES;
				CLANG_WARN_OBJC_ROOT_CLASS = YES_ERROR;
				CLANG_WARN_RANGE_LOOP_ANALYSIS = YES;
				CLANG_WARN_STRICT_PROTOTYPES = YES;
				CLANG_WARN_SUSPICIOUS_MOVE = YES;
				CLANG_WARN_UNGUARDED_AVAILABILITY = YES_AGGRESSIVE;
				CLANG_WARN_UNREACHABLE_CODE = YES;
				CLANG_WARN__DUPLICATE_METHOD_MATCH = YES;
				CODE_SIGN_IDENTITY = "iPhone Developer";
				COPY_PHASE_STRIP = NO;
				DEBUG_INFORMATION_FORMAT = dwarf;
				ENABLE_STRICT_OBJC_MSGSEND = YES;
				ENABLE_TESTABILITY = YES;
				GCC_C_LANGUAGE_STANDARD = gnu11;
				GCC_DYNAMIC_NO_PIC = NO;
				GCC_NO_COMMON_BLOCKS = YES;
				GCC_OPTIMIZATION_LEVEL = 0;
				GCC_PREPROCESSOR_DEFINITIONS = (
					"DEBUG=1",
					"$(inherited)",
				);
				GCC_WARN_64_TO_32_BIT_CONVERSION = YES;
				GCC_WARN_ABOUT_RETURN_TYPE = YES_ERROR;
				GCC_WARN_UNDECLARED_SELECTOR = YES;
				GCC_WARN_UNINITIALIZED_AUTOS = YES_AGGRESSIVE;
				GCC_WARN_UNUSED_FUNCTION = YES;
				GCC_WARN_UNUSED_VARIABLE = YES;
				IPHONEOS_DEPLOYMENT_TARGET = 12.1;
				MTL_ENABLE_DEBUG_INFO = INCLUDE_SOURCE;
				MTL_FAST_MATH = YES;
				ONLY_ACTIVE_ARCH = YES;
				SDKROOT = iphoneos;
				SWIFT_ACTIVE_COMPILATION_CONDITIONS = DEBUG;
				SWIFT_OPTIMIZATION_LEVEL = "-Onone";
			};
			name = Debug;
		};
		81BE736921AF05F50058CFFD /* Release */ = {
			isa = XCBuildConfiguration;
			buildSettings = {
				ALWAYS_SEARCH_USER_PATHS = NO;
				CLANG_ANALYZER_NONNULL = YES;
				CLANG_ANALYZER_NUMBER_OBJECT_CONVERSION = YES_AGGRESSIVE;
				CLANG_CXX_LANGUAGE_STANDARD = "gnu++14";
				CLANG_CXX_LIBRARY = "libc++";
				CLANG_ENABLE_MODULES = YES;
				CLANG_ENABLE_OBJC_ARC = YES;
				CLANG_ENABLE_OBJC_WEAK = YES;
				CLANG_WARN_BLOCK_CAPTURE_AUTORELEASING = YES;
				CLANG_WARN_BOOL_CONVERSION = YES;
				CLANG_WARN_COMMA = YES;
				CLANG_WARN_CONSTANT_CONVERSION = YES;
				CLANG_WARN_DEPRECATED_OBJC_IMPLEMENTATIONS = YES;
				CLANG_WARN_DIRECT_OBJC_ISA_USAGE = YES_ERROR;
				CLANG_WARN_DOCUMENTATION_COMMENTS = YES;
				CLANG_WARN_EMPTY_BODY = YES;
				CLANG_WARN_ENUM_CONVERSION = YES;
				CLANG_WARN_INFINITE_RECURSION = YES;
				CLANG_WARN_INT_CONVERSION = YES;
				CLANG_WARN_NON_LITERAL_NULL_CONVERSION = YES;
				CLANG_WARN_OBJC_IMPLICIT_RETAIN_SELF = YES;
				CLANG_WARN_OBJC_LITERAL_CONVERSION = YES;
				CLANG_WARN_OBJC_ROOT_CLASS = YES_ERROR;
				CLANG_WARN_RANGE_LOOP_ANALYSIS = YES;
				CLANG_WARN_STRICT_PROTOTYPES = YES;
				CLANG_WARN_SUSPICIOUS_MOVE = YES;
				CLANG_WARN_UNGUARDED_AVAILABILITY = YES_AGGRESSIVE;
				CLANG_WARN_UNREACHABLE_CODE = YES;
				CLANG_WARN__DUPLICATE_METHOD_MATCH = YES;
				CODE_SIGN_IDENTITY = "iPhone Developer";
				COPY_PHASE_STRIP = NO;
				DEBUG_INFORMATION_FORMAT = "dwarf-with-dsym";
				ENABLE_NS_ASSERTIONS = NO;
				ENABLE_STRICT_OBJC_MSGSEND = YES;
				GCC_C_LANGUAGE_STANDARD = gnu11;
				GCC_NO_COMMON_BLOCKS = YES;
				GCC_WARN_64_TO_32_BIT_CONVERSION = YES;
				GCC_WARN_ABOUT_RETURN_TYPE = YES_ERROR;
				GCC_WARN_UNDECLARED_SELECTOR = YES;
				GCC_WARN_UNINITIALIZED_AUTOS = YES_AGGRESSIVE;
				GCC_WARN_UNUSED_FUNCTION = YES;
				GCC_WARN_UNUSED_VARIABLE = YES;
				IPHONEOS_DEPLOYMENT_TARGET = 12.1;
				MTL_ENABLE_DEBUG_INFO = NO;
				MTL_FAST_MATH = YES;
				SDKROOT = iphoneos;
				SWIFT_COMPILATION_MODE = wholemodule;
				SWIFT_OPTIMIZATION_LEVEL = "-O";
				VALIDATE_PRODUCT = YES;
			};
			name = Release;
		};
		81BE736B21AF05F50058CFFD /* Debug */ = {
			isa = XCBuildConfiguration;
			buildSettings = {
				ASSETCATALOG_COMPILER_APPICON_NAME = AppIcon;
				CODE_SIGN_STYLE = Automatic;
				DEVELOPMENT_TEAM = HGFZ89E935;
				INFOPLIST_FILE = MetalDay1/Info.plist;
				IPHONEOS_DEPLOYMENT_TARGET = 12.0;
				LD_RUNPATH_SEARCH_PATHS = (
					"$(inherited)",
					"@executable_path/Frameworks",
				);
				PRODUCT_BUNDLE_IDENTIFIER = MikiTakahashi.MetalDay1;
				PRODUCT_NAME = "$(TARGET_NAME)";
				SWIFT_VERSION = 4.2;
				TARGETED_DEVICE_FAMILY = "1,2";
			};
			name = Debug;
		};
		81BE736C21AF05F50058CFFD /* Release */ = {
			isa = XCBuildConfiguration;
			buildSettings = {
				ASSETCATALOG_COMPILER_APPICON_NAME = AppIcon;
				CODE_SIGN_STYLE = Automatic;
				DEVELOPMENT_TEAM = HGFZ89E935;
				INFOPLIST_FILE = MetalDay1/Info.plist;
				IPHONEOS_DEPLOYMENT_TARGET = 12.0;
				LD_RUNPATH_SEARCH_PATHS = (
					"$(inherited)",
					"@executable_path/Frameworks",
				);
				PRODUCT_BUNDLE_IDENTIFIER = MikiTakahashi.MetalDay1;
				PRODUCT_NAME = "$(TARGET_NAME)";
				SWIFT_VERSION = 4.2;
				TARGETED_DEVICE_FAMILY = "1,2";
			};
			name = Release;
		};
		81BE736E21AF05F50058CFFD /* Debug */ = {
			isa = XCBuildConfiguration;
			buildSettings = {
				ALWAYS_EMBED_SWIFT_STANDARD_LIBRARIES = YES;
				BUNDLE_LOADER = "$(TEST_HOST)";
				CODE_SIGN_STYLE = Automatic;
				DEVELOPMENT_TEAM = HGFZ89E935;
				INFOPLIST_FILE = MetalDay1Tests/Info.plist;
				LD_RUNPATH_SEARCH_PATHS = (
					"$(inherited)",
					"@executable_path/Frameworks",
					"@loader_path/Frameworks",
				);
				PRODUCT_BUNDLE_IDENTIFIER = MikiTakahashi.MetalDay1Tests;
				PRODUCT_NAME = "$(TARGET_NAME)";
				SWIFT_VERSION = 4.2;
				TARGETED_DEVICE_FAMILY = "1,2";
				TEST_HOST = "$(BUILT_PRODUCTS_DIR)/MetalDay1.app/MetalDay1";
			};
			name = Debug;
		};
		81BE736F21AF05F50058CFFD /* Release */ = {
			isa = XCBuildConfiguration;
			buildSettings = {
				ALWAYS_EMBED_SWIFT_STANDARD_LIBRARIES = YES;
				BUNDLE_LOADER = "$(TEST_HOST)";
				CODE_SIGN_STYLE = Automatic;
				DEVELOPMENT_TEAM = HGFZ89E935;
				INFOPLIST_FILE = MetalDay1Tests/Info.plist;
				LD_RUNPATH_SEARCH_PATHS = (
					"$(inherited)",
					"@executable_path/Frameworks",
					"@loader_path/Frameworks",
				);
				PRODUCT_BUNDLE_IDENTIFIER = MikiTakahashi.MetalDay1Tests;
				PRODUCT_NAME = "$(TARGET_NAME)";
				SWIFT_VERSION = 4.2;
				TARGETED_DEVICE_FAMILY = "1,2";
				TEST_HOST = "$(BUILT_PRODUCTS_DIR)/MetalDay1.app/MetalDay1";
			};
			name = Release;
		};
		81BE737121AF05F50058CFFD /* Debug */ = {
			isa = XCBuildConfiguration;
			buildSettings = {
				ALWAYS_EMBED_SWIFT_STANDARD_LIBRARIES = YES;
				CODE_SIGN_STYLE = Automatic;
				DEVELOPMENT_TEAM = HGFZ89E935;
				INFOPLIST_FILE = MetalDay1UITests/Info.plist;
				LD_RUNPATH_SEARCH_PATHS = (
					"$(inherited)",
					"@executable_path/Frameworks",
					"@loader_path/Frameworks",
				);
				PRODUCT_BUNDLE_IDENTIFIER = MikiTakahashi.MetalDay1UITests;
				PRODUCT_NAME = "$(TARGET_NAME)";
				SWIFT_VERSION = 4.2;
				TARGETED_DEVICE_FAMILY = "1,2";
				TEST_TARGET_NAME = MetalDay1;
			};
			name = Debug;
		};
		81BE737221AF05F50058CFFD /* Release */ = {
			isa = XCBuildConfiguration;
			buildSettings = {
				ALWAYS_EMBED_SWIFT_STANDARD_LIBRARIES = YES;
				CODE_SIGN_STYLE = Automatic;
				DEVELOPMENT_TEAM = HGFZ89E935;
				INFOPLIST_FILE = MetalDay1UITests/Info.plist;
				LD_RUNPATH_SEARCH_PATHS = (
					"$(inherited)",
					"@executable_path/Frameworks",
					"@loader_path/Frameworks",
				);
				PRODUCT_BUNDLE_IDENTIFIER = MikiTakahashi.MetalDay1UITests;
				PRODUCT_NAME = "$(TARGET_NAME)";
				SWIFT_VERSION = 4.2;
				TARGETED_DEVICE_FAMILY = "1,2";
				TEST_TARGET_NAME = MetalDay1;
			};
			name = Release;
		};
/* End XCBuildConfiguration section */

/* Begin XCConfigurationList section */
		81BE733D21AF05F30058CFFD /* Build configuration list for PBXProject "MetalDay1" */ = {
			isa = XCConfigurationList;
			buildConfigurations = (
				81BE736821AF05F50058CFFD /* Debug */,
				81BE736921AF05F50058CFFD /* Release */,
			);
			defaultConfigurationIsVisible = 0;
			defaultConfigurationName = Release;
		};
		81BE736A21AF05F50058CFFD /* Build configuration list for PBXNativeTarget "MetalDay1" */ = {
			isa = XCConfigurationList;
			buildConfigurations = (
				81BE736B21AF05F50058CFFD /* Debug */,
				81BE736C21AF05F50058CFFD /* Release */,
			);
			defaultConfigurationIsVisible = 0;
			defaultConfigurationName = Release;
		};
		81BE736D21AF05F50058CFFD /* Build configuration list for PBXNativeTarget "MetalDay1Tests" */ = {
			isa = XCConfigurationList;
			buildConfigurations = (
				81BE736E21AF05F50058CFFD /* Debug */,
				81BE736F21AF05F50058CFFD /* Release */,
			);
			defaultConfigurationIsVisible = 0;
			defaultConfigurationName = Release;
		};
		81BE737021AF05F50058CFFD /* Build configuration list for PBXNativeTarget "MetalDay1UITests" */ = {
			isa = XCConfigurationList;
			buildConfigurations = (
				81BE737121AF05F50058CFFD /* Debug */,
				81BE737221AF05F50058CFFD /* Release */,
			);
			defaultConfigurationIsVisible = 0;
			defaultConfigurationName = Release;
		};
/* End XCConfigurationList section */
	};
	rootObject = 81BE733A21AF05F30058CFFD /* Project object */;
}
